{
  "name": "@navikt/ds-react",
  "version": "0.2.0",
  "lockfileVersion": 1,
  "requires": true,
  "dependencies": {
    "@navikt/nav-dekoratoren-moduler": {
      "version": "1.2.8",
      "resolved": "https://registry.npmjs.org/@navikt/nav-dekoratoren-moduler/-/nav-dekoratoren-moduler-1.2.8.tgz",
      "integrity": "sha512-R9uDK7CVwGuPdlkVHjFd7hNsuLEeDZuAKjnm7VuhUEQ5u4pG90OhL/HLv6Y+IvXkedBqO0lcLnpzfAtyJ2l+Nw==",
      "requires": {
        "nav-frontend-ikoner-assets": "^2.0.10"
      }
    },
    "nav-frontend-ikoner-assets": {
      "version": "2.0.10",
      "resolved": "https://registry.npmjs.org/nav-frontend-ikoner-assets/-/nav-frontend-ikoner-assets-2.0.10.tgz",
      "integrity": "sha512-n/2qIk29rRkR8OZwZBnSIWRKdC25t/8lAhZXEvFZrqmjAC+U4xHHj5+VlCoN5O5VIzq4xtck1Flwj7mJehAj7g=="
    },
    "uuid": {
      "version": "8.3.2",
      "resolved": "https://registry.npmjs.org/uuid/-/uuid-8.3.2.tgz",
      "integrity": "sha512-+NYs2QeMWy+GWFOEm9xnn6HCDp0l7QBD7ml8zLUmJ+93Q5NF0NocErnwkTkXVFNiX3/fpC6afS8Dhb/gz7R7eg=="
    }
  }
}
