# This file is generated by running "yarn install" inside your project.
# Manual changes might be lost - proceed with caution!

__metadata:
  version: 8
  cacheKey: 10

"@date-fns/tz@npm:1.2.0":
  version: 1.2.0
  resolution: "@date-fns/tz@npm:1.2.0"
  checksum: 10/a9c2d32f98a5a5c655a7d3843046a5a36779b2ef0db803c608291976e6254e594a085777bf738379f50c7e9fc2ffebbf8bb836e9e9759a5ef2b703f91bb785de
  languageName: node
  linkType: hard

"@discoveryjs/json-ext@npm:0.5.7":
  version: 0.5.7
  resolution: "@discoveryjs/json-ext@npm:0.5.7"
  checksum: 10/b95682a852448e8ef50d6f8e3b7ba288aab3fd98a2bafbe46881a3db0c6e7248a2debe9e1ee0d4137c521e4743ca5bbcb1c0765c9d7b3e0ef53231506fec42b4
  languageName: node
  linkType: hard

"@emnapi/runtime@npm:^1.7.0":
  version: 1.7.1
  resolution: "@emnapi/runtime@npm:1.7.1"
  dependencies:
    tslib: "npm:^2.4.0"
  checksum: 10/6fc83f938e3c70e32e84c1fbe5cab6cb9340b8107cee4048384ad5b8f2998a06502b4bed342acaf6e44f473f2c14c4ab1e3fd5083bd7823fc63abfca9eff0175
  languageName: node
  linkType: hard

"@floating-ui/core@npm:^1.7.1":
  version: 1.7.1
  resolution: "@floating-ui/core@npm:1.7.1"
  dependencies:
    "@floating-ui/utils": "npm:^0.2.9"
  checksum: 10/5dbe5d92dcdaef6a915a6bfaa432a684b0a021e6eca0eab796216eecb0870282f8b9ecfcf449f1cac94cc24d8c5114d1677b1f7a6e11e2642967065f2497ce26
  languageName: node
  linkType: hard

"@floating-ui/core@npm:^1.7.3":
  version: 1.7.3
  resolution: "@floating-ui/core@npm:1.7.3"
  dependencies:
    "@floating-ui/utils": "npm:^0.2.10"
  checksum: 10/a8952ff2673ddf28f12feeb86d90c54949e45bcb1af5758b7672850ac0dadb36d4bd61aa45dad1b6a35ba40d4756d3573afac6610b90502639d7266b91e0864e
  languageName: node
  linkType: hard

"@floating-ui/dom@npm:^1.0.0":
  version: 1.7.1
  resolution: "@floating-ui/dom@npm:1.7.1"
  dependencies:
    "@floating-ui/core": "npm:^1.7.1"
    "@floating-ui/utils": "npm:^0.2.9"
  checksum: 10/77f385e0202855aaeee7c8c96e40c8cd06c63f1946ed666824beed40b98e9414a5a8c19ac8c8f68653577eceb1866261a785d3d9855a531bd85d2865024ca9e9
  languageName: node
  linkType: hard

"@floating-ui/dom@npm:^1.7.4":
  version: 1.7.4
  resolution: "@floating-ui/dom@npm:1.7.4"
  dependencies:
    "@floating-ui/core": "npm:^1.7.3"
    "@floating-ui/utils": "npm:^0.2.10"
  checksum: 10/d3d6a23e7b9804ba56338c7c666590258683af14b6026270d32afc1202f72b5b82cca359004bdc7830bf2463a045da6c7bd4e7d5351218cf270ff94206197971
  languageName: node
  linkType: hard

"@floating-ui/react-dom@npm:^2.1.2":
  version: 2.1.3
  resolution: "@floating-ui/react-dom@npm:2.1.3"
  dependencies:
    "@floating-ui/dom": "npm:^1.0.0"
  peerDependencies:
    react: ">=16.8.0"
    react-dom: ">=16.8.0"
  checksum: 10/185223bb436f719943054f634ab5c885b32df745c7bc27504d77783944cfe02ce0f16a01d222d7abc511d3fc56fd36703ce6056eb2c4451b6666a7800b74a29f
  languageName: node
  linkType: hard

"@floating-ui/react-dom@npm:^2.1.6":
  version: 2.1.6
  resolution: "@floating-ui/react-dom@npm:2.1.6"
  dependencies:
    "@floating-ui/dom": "npm:^1.7.4"
  peerDependencies:
    react: ">=16.8.0"
    react-dom: ">=16.8.0"
  checksum: 10/fbfd3319b42edb9c156e4e872f500d2edb112bc9cfd1b45892bff16ccf21c2484ddc9c416f7631c2aaaadec1b2f98b205db8a3f89eb78ca870905fcfe3917c35
  languageName: node
  linkType: hard

"@floating-ui/react@npm:0.27.8":
  version: 0.27.8
  resolution: "@floating-ui/react@npm:0.27.8"
  dependencies:
    "@floating-ui/react-dom": "npm:^2.1.2"
    "@floating-ui/utils": "npm:^0.2.9"
    tabbable: "npm:^6.0.0"
  peerDependencies:
    react: ">=17.0.0"
    react-dom: ">=17.0.0"
  checksum: 10/9423e3b7d6298918cb14ad3cfa36ba7b88ef86f18c4c47f7870b367716e918757dc0cf9842ef4995ee784b68aebe725c28c2ae143ecfe16380d3ccfd05cacb43
  languageName: node
  linkType: hard

"@floating-ui/utils@npm:^0.2.10":
  version: 0.2.10
  resolution: "@floating-ui/utils@npm:0.2.10"
  checksum: 10/b635ea865a8be2484b608b7157f5abf9ed439f351011a74b7e988439e2898199a9a8b790f52291e05bdcf119088160dc782d98cff45cc98c5a271bc6f51327ae
  languageName: node
  linkType: hard

"@floating-ui/utils@npm:^0.2.9":
  version: 0.2.9
  resolution: "@floating-ui/utils@npm:0.2.9"
  checksum: 10/0ca786347db3dd8d9034b86d1449fabb96642788e5900cc5f2aee433cd7b243efbcd7a165bead50b004ee3f20a90ddebb6a35296fc41d43cfd361b6f01b69ffb
  languageName: node
  linkType: hard

"@img/colour@npm:^1.0.0":
  version: 1.0.0
  resolution: "@img/colour@npm:1.0.0"
  checksum: 10/bd248d7c4b8ba99a72b22a005a63f1d3309ee8343a74b6d0d1314bae300a3096919991a09e9a9243cf6ca50e393b4c5a7e065488ed616c3b58d052473240b812
  languageName: node
  linkType: hard

"@img/sharp-darwin-arm64@npm:0.34.5":
  version: 0.34.5
  resolution: "@img/sharp-darwin-arm64@npm:0.34.5"
  dependencies:
    "@img/sharp-libvips-darwin-arm64": "npm:1.2.4"
  dependenciesMeta:
    "@img/sharp-libvips-darwin-arm64":
      optional: true
  conditions: os=darwin & cpu=arm64
  languageName: node
  linkType: hard

"@img/sharp-darwin-x64@npm:0.34.5":
  version: 0.34.5
  resolution: "@img/sharp-darwin-x64@npm:0.34.5"
  dependencies:
    "@img/sharp-libvips-darwin-x64": "npm:1.2.4"
  dependenciesMeta:
    "@img/sharp-libvips-darwin-x64":
      optional: true
  conditions: os=darwin & cpu=x64
  languageName: node
  linkType: hard

"@img/sharp-libvips-darwin-arm64@npm:1.2.4":
  version: 1.2.4
  resolution: "@img/sharp-libvips-darwin-arm64@npm:1.2.4"
  conditions: os=darwin & cpu=arm64
  languageName: node
  linkType: hard

"@img/sharp-libvips-darwin-x64@npm:1.2.4":
  version: 1.2.4
  resolution: "@img/sharp-libvips-darwin-x64@npm:1.2.4"
  conditions: os=darwin & cpu=x64
  languageName: node
  linkType: hard

"@img/sharp-libvips-linux-arm64@npm:1.2.4":
  version: 1.2.4
  resolution: "@img/sharp-libvips-linux-arm64@npm:1.2.4"
  conditions: os=linux & cpu=arm64 & libc=glibc
  languageName: node
  linkType: hard

"@img/sharp-libvips-linux-arm@npm:1.2.4":
  version: 1.2.4
  resolution: "@img/sharp-libvips-linux-arm@npm:1.2.4"
  conditions: os=linux & cpu=arm & libc=glibc
  languageName: node
  linkType: hard

"@img/sharp-libvips-linux-ppc64@npm:1.2.4":
  version: 1.2.4
  resolution: "@img/sharp-libvips-linux-ppc64@npm:1.2.4"
  conditions: os=linux & cpu=ppc64 & libc=glibc
  languageName: node
  linkType: hard

"@img/sharp-libvips-linux-riscv64@npm:1.2.4":
  version: 1.2.4
  resolution: "@img/sharp-libvips-linux-riscv64@npm:1.2.4"
  conditions: os=linux & cpu=riscv64 & libc=glibc
  languageName: node
  linkType: hard

"@img/sharp-libvips-linux-s390x@npm:1.2.4":
  version: 1.2.4
  resolution: "@img/sharp-libvips-linux-s390x@npm:1.2.4"
  conditions: os=linux & cpu=s390x & libc=glibc
  languageName: node
  linkType: hard

"@img/sharp-libvips-linux-x64@npm:1.2.4":
  version: 1.2.4
  resolution: "@img/sharp-libvips-linux-x64@npm:1.2.4"
  conditions: os=linux & cpu=x64 & libc=glibc
  languageName: node
  linkType: hard

"@img/sharp-libvips-linuxmusl-arm64@npm:1.2.4":
  version: 1.2.4
  resolution: "@img/sharp-libvips-linuxmusl-arm64@npm:1.2.4"
  conditions: os=linux & cpu=arm64 & libc=musl
  languageName: node
  linkType: hard

"@img/sharp-libvips-linuxmusl-x64@npm:1.2.4":
  version: 1.2.4
  resolution: "@img/sharp-libvips-linuxmusl-x64@npm:1.2.4"
  conditions: os=linux & cpu=x64 & libc=musl
  languageName: node
  linkType: hard

"@img/sharp-linux-arm64@npm:0.34.5":
  version: 0.34.5
  resolution: "@img/sharp-linux-arm64@npm:0.34.5"
  dependencies:
    "@img/sharp-libvips-linux-arm64": "npm:1.2.4"
  dependenciesMeta:
    "@img/sharp-libvips-linux-arm64":
      optional: true
  conditions: os=linux & cpu=arm64 & libc=glibc
  languageName: node
  linkType: hard

"@img/sharp-linux-arm@npm:0.34.5":
  version: 0.34.5
  resolution: "@img/sharp-linux-arm@npm:0.34.5"
  dependencies:
    "@img/sharp-libvips-linux-arm": "npm:1.2.4"
  dependenciesMeta:
    "@img/sharp-libvips-linux-arm":
      optional: true
  conditions: os=linux & cpu=arm & libc=glibc
  languageName: node
  linkType: hard

"@img/sharp-linux-ppc64@npm:0.34.5":
  version: 0.34.5
  resolution: "@img/sharp-linux-ppc64@npm:0.34.5"
  dependencies:
    "@img/sharp-libvips-linux-ppc64": "npm:1.2.4"
  dependenciesMeta:
    "@img/sharp-libvips-linux-ppc64":
      optional: true
  conditions: os=linux & cpu=ppc64 & libc=glibc
  languageName: node
  linkType: hard

"@img/sharp-linux-riscv64@npm:0.34.5":
  version: 0.34.5
  resolution: "@img/sharp-linux-riscv64@npm:0.34.5"
  dependencies:
    "@img/sharp-libvips-linux-riscv64": "npm:1.2.4"
  dependenciesMeta:
    "@img/sharp-libvips-linux-riscv64":
      optional: true
  conditions: os=linux & cpu=riscv64 & libc=glibc
  languageName: node
  linkType: hard

"@img/sharp-linux-s390x@npm:0.34.5":
  version: 0.34.5
  resolution: "@img/sharp-linux-s390x@npm:0.34.5"
  dependencies:
    "@img/sharp-libvips-linux-s390x": "npm:1.2.4"
  dependenciesMeta:
    "@img/sharp-libvips-linux-s390x":
      optional: true
  conditions: os=linux & cpu=s390x & libc=glibc
  languageName: node
  linkType: hard

"@img/sharp-linux-x64@npm:0.34.5":
  version: 0.34.5
  resolution: "@img/sharp-linux-x64@npm:0.34.5"
  dependencies:
    "@img/sharp-libvips-linux-x64": "npm:1.2.4"
  dependenciesMeta:
    "@img/sharp-libvips-linux-x64":
      optional: true
  conditions: os=linux & cpu=x64 & libc=glibc
  languageName: node
  linkType: hard

"@img/sharp-linuxmusl-arm64@npm:0.34.5":
  version: 0.34.5
  resolution: "@img/sharp-linuxmusl-arm64@npm:0.34.5"
  dependencies:
    "@img/sharp-libvips-linuxmusl-arm64": "npm:1.2.4"
  dependenciesMeta:
    "@img/sharp-libvips-linuxmusl-arm64":
      optional: true
  conditions: os=linux & cpu=arm64 & libc=musl
  languageName: node
  linkType: hard

"@img/sharp-linuxmusl-x64@npm:0.34.5":
  version: 0.34.5
  resolution: "@img/sharp-linuxmusl-x64@npm:0.34.5"
  dependencies:
    "@img/sharp-libvips-linuxmusl-x64": "npm:1.2.4"
  dependenciesMeta:
    "@img/sharp-libvips-linuxmusl-x64":
      optional: true
  conditions: os=linux & cpu=x64 & libc=musl
  languageName: node
  linkType: hard

"@img/sharp-wasm32@npm:0.34.5":
  version: 0.34.5
  resolution: "@img/sharp-wasm32@npm:0.34.5"
  dependencies:
    "@emnapi/runtime": "npm:^1.7.0"
  conditions: cpu=wasm32
  languageName: node
  linkType: hard

"@img/sharp-win32-arm64@npm:0.34.5":
  version: 0.34.5
  resolution: "@img/sharp-win32-arm64@npm:0.34.5"
  conditions: os=win32 & cpu=arm64
  languageName: node
  linkType: hard

"@img/sharp-win32-ia32@npm:0.34.5":
  version: 0.34.5
  resolution: "@img/sharp-win32-ia32@npm:0.34.5"
  conditions: os=win32 & cpu=ia32
  languageName: node
  linkType: hard

"@img/sharp-win32-x64@npm:0.34.5":
  version: 0.34.5
  resolution: "@img/sharp-win32-x64@npm:0.34.5"
  conditions: os=win32 & cpu=x64
  languageName: node
  linkType: hard

"@isaacs/balanced-match@npm:^4.0.1":
  version: 4.0.1
  resolution: "@isaacs/balanced-match@npm:4.0.1"
  checksum: 10/102fbc6d2c0d5edf8f6dbf2b3feb21695a21bc850f11bc47c4f06aa83bd8884fde3fe9d6d797d619901d96865fdcb4569ac2a54c937992c48885c5e3d9967fe8
  languageName: node
  linkType: hard

"@isaacs/brace-expansion@npm:^5.0.0":
  version: 5.0.0
  resolution: "@isaacs/brace-expansion@npm:5.0.0"
  dependencies:
    "@isaacs/balanced-match": "npm:^4.0.1"
  checksum: 10/cf3b7f206aff12128214a1df764ac8cdbc517c110db85249b945282407e3dfc5c6e66286383a7c9391a059fc8e6e6a8ca82262fc9d2590bd615376141fbebd2d
  languageName: node
  linkType: hard

"@isaacs/cliui@npm:^8.0.2":
  version: 8.0.2
  resolution: "@isaacs/cliui@npm:8.0.2"
  dependencies:
    string-width: "npm:^5.1.2"
    string-width-cjs: "npm:string-width@^4.2.0"
    strip-ansi: "npm:^7.0.1"
    strip-ansi-cjs: "npm:strip-ansi@^6.0.1"
    wrap-ansi: "npm:^8.1.0"
    wrap-ansi-cjs: "npm:wrap-ansi@^7.0.0"
  checksum: 10/e9ed5fd27c3aec1095e3a16e0c0cf148d1fee55a38665c35f7b3f86a9b5d00d042ddaabc98e8a1cb7463b9378c15f22a94eb35e99469c201453eb8375191f243
  languageName: node
  linkType: hard

"@navikt/aksel-icons@file:./../../@navikt/aksel-icons::locator=next-appdir%40workspace%3A.":
  version: 7.35.0
  resolution: "@navikt/aksel-icons@file:./../../@navikt/aksel-icons#./../../@navikt/aksel-icons::hash=593837&locator=next-appdir%40workspace%3A."
  checksum: 10/7dd64bee1989822af632a75971918e2bed1b258dec99c944c50e205260bda36eac7e09ba6aa711ee12b7208aeeff603a15801eb846c5ee350f0216a3dbe6be27
  languageName: node
  linkType: hard

"@navikt/aksel-icons@npm:^7.35.0":
  version: 7.35.0
  resolution: "@navikt/aksel-icons@npm:7.35.0::__archiveUrl=https%3A%2F%2Fnpm.pkg.github.com%2Fdownload%2F%40navikt%2Faksel-icons%2F7.35.0%2F7068430eff75ea06c6b047441e881cbfe05418c5"
  checksum: 10/55ad853dedea20ae801c93e46026f1e271d3123cabfaab8e5f8c771067951ee9cc777e87d54774fbb05b774c74b41b2895f9932aa8d83678c6be047632e8eec8
  languageName: node
  linkType: hard

"@navikt/ds-css@file:./../../@navikt/core/css::locator=next-appdir%40workspace%3A.":
  version: 7.35.0
  resolution: "@navikt/ds-css@file:./../../@navikt/core/css#./../../@navikt/core/css::hash=7bc637&locator=next-appdir%40workspace%3A."
  checksum: 10/d9032d5943558a764a3716befc1e04a063e1d8ae74c742320afbf25c2d86bdd8256bb91b8e1458f816a07dd7c70b3c3c5cfab0ef119cc84a742700aa04ec462d
  languageName: node
  linkType: hard

"@navikt/ds-react@file:./../../@navikt/core/react::locator=next-appdir%40workspace%3A.":
  version: 7.35.0
  resolution: "@navikt/ds-react@file:./../../@navikt/core/react#./../../@navikt/core/react::hash=5fbb6f&locator=next-appdir%40workspace%3A."
  dependencies:
    "@floating-ui/react": "npm:0.27.8"
    "@floating-ui/react-dom": "npm:^2.1.6"
    "@navikt/aksel-icons": "npm:^7.35.0"
    "@navikt/ds-tokens": "npm:^7.35.0"
    clsx: "npm:^2.1.0"
    date-fns: "npm:^4.0.0"
    react-day-picker: "npm:9.7.0"
  peerDependencies:
    "@types/react": ^17.0.30 || ^18 || ^19
    react: ^17 || ^18 || ^19
    react-dom: ^17 || ^18 || ^19
  peerDependenciesMeta:
    "@types/react":
      optional: true
  checksum: 10/e290282a4effde95809c4d9863ab80360cd23017e44a5adbd24fefba00037245d219436697b4e4b0ce206d45fdbe1703fce1b9f3e4e7f62620f5172172238606
  languageName: node
  linkType: hard

"@navikt/ds-tokens@file:./../../@navikt/core/tokens::locator=next-appdir%40workspace%3A.":
  version: 7.35.0
  resolution: "@navikt/ds-tokens@file:./../../@navikt/core/tokens#./../../@navikt/core/tokens::hash=ad860a&locator=next-appdir%40workspace%3A."
  checksum: 10/24ff09a2ada97e1031e790ee28e61b60d475d74ad44090f5d37fe1b0cdb1d0ccdac2f1acb653904b2db72c5ca643aa5057cf89070297dc4543a5871cc57cef26
  languageName: node
  linkType: hard

"@navikt/ds-tokens@npm:^7.35.0":
  version: 7.35.0
  resolution: "@navikt/ds-tokens@npm:7.35.0::__archiveUrl=https%3A%2F%2Fnpm.pkg.github.com%2Fdownload%2F%40navikt%2Fds-tokens%2F7.35.0%2Fc2662001774ee2d027838f9ee2249fc77f9316bc"
  checksum: 10/898cc1ae6ec7eb20e85d7f00f8edc60b3b8bd4a0256c63a6f341e0423d924ed1daeeb6bf3de4eb187f8b01955cf80f1f79ee13f99cac87f1a79f15d341070c83
  languageName: node
  linkType: hard

"@next/bundle-analyzer@npm:^15.3.3":
  version: 15.3.3
  resolution: "@next/bundle-analyzer@npm:15.3.3"
  dependencies:
    webpack-bundle-analyzer: "npm:4.10.1"
  checksum: 10/0b467516c32ebe49cc04c019518d55a70fb3f5cc51623ef10c909e157d7bea6949788c8fa1d0f70299c04ec3312e25b6bfa24678f3f0cdb87cb4cdfe839f6f01
  languageName: node
  linkType: hard

"@next/env@npm:16.0.7":
  version: 16.0.7
  resolution: "@next/env@npm:16.0.7"
  checksum: 10/dc81ffaa22749e4a60233928bca2a89e91a5b2eedf0ec5e5ae43c19c432cbc4881a22205aafbb31e2e8e62ed54d7d97565691d0d2939f120bc1dea955ef2aa94
  languageName: node
  linkType: hard

"@next/swc-darwin-arm64@npm:16.0.7":
  version: 16.0.7
  resolution: "@next/swc-darwin-arm64@npm:16.0.7"
  conditions: os=darwin & cpu=arm64
  languageName: node
  linkType: hard

"@next/swc-darwin-x64@npm:16.0.7":
  version: 16.0.7
  resolution: "@next/swc-darwin-x64@npm:16.0.7"
  conditions: os=darwin & cpu=x64
  languageName: node
  linkType: hard

"@next/swc-linux-arm64-gnu@npm:16.0.7":
  version: 16.0.7
  resolution: "@next/swc-linux-arm64-gnu@npm:16.0.7"
  conditions: os=linux & cpu=arm64 & libc=glibc
  languageName: node
  linkType: hard

"@next/swc-linux-arm64-musl@npm:16.0.7":
  version: 16.0.7
  resolution: "@next/swc-linux-arm64-musl@npm:16.0.7"
  conditions: os=linux & cpu=arm64 & libc=musl
  languageName: node
  linkType: hard

"@next/swc-linux-x64-gnu@npm:16.0.7":
  version: 16.0.7
  resolution: "@next/swc-linux-x64-gnu@npm:16.0.7"
  conditions: os=linux & cpu=x64 & libc=glibc
  languageName: node
  linkType: hard

"@next/swc-linux-x64-musl@npm:16.0.7":
  version: 16.0.7
  resolution: "@next/swc-linux-x64-musl@npm:16.0.7"
  conditions: os=linux & cpu=x64 & libc=musl
  languageName: node
  linkType: hard

"@next/swc-win32-arm64-msvc@npm:16.0.7":
  version: 16.0.7
  resolution: "@next/swc-win32-arm64-msvc@npm:16.0.7"
  conditions: os=win32 & cpu=arm64
  languageName: node
  linkType: hard

"@next/swc-win32-x64-msvc@npm:16.0.7":
  version: 16.0.7
  resolution: "@next/swc-win32-x64-msvc@npm:16.0.7"
  conditions: os=win32 & cpu=x64
  languageName: node
  linkType: hard

"@polka/url@npm:^1.0.0-next.24":
  version: 1.0.0-next.29
  resolution: "@polka/url@npm:1.0.0-next.29"
  checksum: 10/69ca11ab15a4ffec7f0b07fcc4e1f01489b3d9683a7e1867758818386575c60c213401259ba3705b8a812228d17e2bfd18e6f021194d943fff4bca389c9d4f28
  languageName: node
  linkType: hard

"@swc/helpers@npm:0.5.15":
  version: 0.5.15
  resolution: "@swc/helpers@npm:0.5.15"
  dependencies:
    tslib: "npm:^2.8.0"
  checksum: 10/e3f32c6deeecfb0fa3f22edff03a7b358e7ce16d27b0f1c8b5cdc3042c5c4ce4da6eac0b781ab7cc4f54696ece657467d56734fb26883439fb00017385364c4c
  languageName: node
  linkType: hard

"@types/node@npm:^20":
  version: 20.19.1
  resolution: "@types/node@npm:20.19.1"
  dependencies:
    undici-types: "npm:~6.21.0"
  checksum: 10/2369a96a832a6e8111d2b996c56fb1b78b27fad0879de3e344ae2835697464e001d6fe813a11902348fc7dc63b9510000f3d2cd4bedadf2d3fce7b7bb7903444
  languageName: node
  linkType: hard

"@types/react-dom@npm:^19":
  version: 19.2.3
  resolution: "@types/react-dom@npm:19.2.3"
  peerDependencies:
    "@types/react": ^19.2.0
  checksum: 10/616c4a8aee250ea05fb1e7b98e7e00475dd3a6c1c30d7be18b4b93caba832f4203106b3a496a6b147e5acc2da14575eca47bce234c633bca1f8430ef8ffb234a
  languageName: node
  linkType: hard

"@types/react@npm:^19":
  version: 19.2.7
  resolution: "@types/react@npm:19.2.7"
  dependencies:
    csstype: "npm:^3.2.2"
  checksum: 10/dc0b756eee2c9782d282ae47eaa8d537b2a569eb889a6808c4b172d70fb690b2b1d8fe6239db451aa1c90d2a947cc21c9b537ce177ba9e6121468e403e4079c5
  languageName: node
  linkType: hard

"acorn-walk@npm:^8.0.0":
  version: 8.3.4
  resolution: "acorn-walk@npm:8.3.4"
  dependencies:
    acorn: "npm:^8.11.0"
  checksum: 10/871386764e1451c637bb8ab9f76f4995d408057e9909be6fb5ad68537ae3375d85e6a6f170b98989f44ab3ff6c74ad120bc2779a3d577606e7a0cd2b4efcaf77
  languageName: node
  linkType: hard

"acorn@npm:^8.0.4, acorn@npm:^8.11.0":
  version: 8.15.0
  resolution: "acorn@npm:8.15.0"
  bin:
    acorn: bin/acorn
  checksum: 10/77f2de5051a631cf1729c090e5759148459cdb76b5f5c70f890503d629cf5052357b0ce783c0f976dd8a93c5150f59f6d18df1def3f502396a20f81282482fa4
  languageName: node
  linkType: hard

"ansi-regex@npm:^5.0.1":
  version: 5.0.1
  resolution: "ansi-regex@npm:5.0.1"
  checksum: 10/2aa4bb54caf2d622f1afdad09441695af2a83aa3fe8b8afa581d205e57ed4261c183c4d3877cee25794443fde5876417d859c108078ab788d6af7e4fe52eb66b
  languageName: node
  linkType: hard

"ansi-regex@npm:^6.0.1":
  version: 6.1.0
  resolution: "ansi-regex@npm:6.1.0"
  checksum: 10/495834a53b0856c02acd40446f7130cb0f8284f4a39afdab20d5dc42b2e198b1196119fe887beed8f9055c4ff2055e3b2f6d4641d0be018cdfb64fedf6fc1aac
  languageName: node
  linkType: hard

"ansi-styles@npm:^4.0.0":
  version: 4.3.0
  resolution: "ansi-styles@npm:4.3.0"
  dependencies:
    color-convert: "npm:^2.0.1"
  checksum: 10/b4494dfbfc7e4591b4711a396bd27e540f8153914123dccb4cdbbcb514015ada63a3809f362b9d8d4f6b17a706f1d7bea3c6f974b15fa5ae76b5b502070889ff
  languageName: node
  linkType: hard

"ansi-styles@npm:^6.1.0":
  version: 6.2.1
  resolution: "ansi-styles@npm:6.2.1"
  checksum: 10/70fdf883b704d17a5dfc9cde206e698c16bcd74e7f196ab821511651aee4f9f76c9514bdfa6ca3a27b5e49138b89cb222a28caf3afe4567570139577f991df32
  languageName: node
  linkType: hard

"caniuse-lite@npm:^1.0.30001579":
  version: 1.0.30001723
  resolution: "caniuse-lite@npm:1.0.30001723"
  checksum: 10/edab89e84a2b257cf640f0bac1f25f92c699ade86143b2affc73403468f894023416a9f4a99e5345c933956990b005a2facfb87ac4517c8ccb588819bb62453b
  languageName: node
  linkType: hard

"client-only@npm:0.0.1":
  version: 0.0.1
  resolution: "client-only@npm:0.0.1"
  checksum: 10/0c16bf660dadb90610553c1d8946a7fdfb81d624adea073b8440b7d795d5b5b08beb3c950c6a2cf16279365a3265158a236876d92bce16423c485c322d7dfaf8
  languageName: node
  linkType: hard

"clsx@npm:^2.1.0":
  version: 2.1.1
  resolution: "clsx@npm:2.1.1"
  checksum: 10/cdfb57fa6c7649bbff98d9028c2f0de2f91c86f551179541cf784b1cfdc1562dcb951955f46d54d930a3879931a980e32a46b598acaea274728dbe068deca919
  languageName: node
  linkType: hard

"color-convert@npm:^2.0.1":
  version: 2.0.1
  resolution: "color-convert@npm:2.0.1"
  dependencies:
    color-name: "npm:~1.1.4"
  checksum: 10/fa00c91b4332b294de06b443923246bccebe9fab1b253f7fe1772d37b06a2269b4039a85e309abe1fe11b267b11c08d1d0473fda3badd6167f57313af2887a64
  languageName: node
  linkType: hard

"color-name@npm:~1.1.4":
  version: 1.1.4
  resolution: "color-name@npm:1.1.4"
  checksum: 10/b0445859521eb4021cd0fb0cc1a75cecf67fceecae89b63f62b201cca8d345baf8b952c966862a9d9a2632987d4f6581f0ec8d957dfacece86f0a7919316f610
  languageName: node
  linkType: hard

"commander@npm:^7.2.0":
  version: 7.2.0
  resolution: "commander@npm:7.2.0"
  checksum: 10/9973af10727ad4b44f26703bf3e9fdc323528660a7590efe3aa9ad5042b4584c0deed84ba443f61c9d6f02dade54a5a5d3c95e306a1e1630f8374ae6db16c06d
  languageName: node
  linkType: hard

"cross-spawn@npm:^7.0.6":
  version: 7.0.6
  resolution: "cross-spawn@npm:7.0.6"
  dependencies:
    path-key: "npm:^3.1.0"
    shebang-command: "npm:^2.0.0"
    which: "npm:^2.0.1"
  checksum: 10/0d52657d7ae36eb130999dffff1168ec348687b48dd38e2ff59992ed916c88d328cf1d07ff4a4a10bc78de5e1c23f04b306d569e42f7a2293915c081e4dfee86
  languageName: node
  linkType: hard

"csstype@npm:^3.2.2":
  version: 3.2.3
  resolution: "csstype@npm:3.2.3"
  checksum: 10/ad41baf7e2ffac65ab544d79107bf7cd1a4bb9bab9ac3302f59ab4ba655d5e30942a8ae46e10ba160c6f4ecea464cc95b975ca2fefbdeeacd6ac63f12f99fe1f
  languageName: node
  linkType: hard

"date-fns-jalali@npm:4.1.0-0":
  version: 4.1.0-0
  resolution: "date-fns-jalali@npm:4.1.0-0"
  checksum: 10/0005e0e37d449aa998cfc353395b0292eea4778aba4283dad4fa0e3559cf0a7fc7ce9123fb6f22c235285219d4f4774c88bb9c01fa2694c6a5efbbcd33efe7fc
  languageName: node
  linkType: hard

"date-fns@npm:4.1.0, date-fns@npm:^4.0.0":
  version: 4.1.0
  resolution: "date-fns@npm:4.1.0"
  checksum: 10/d5f6e9de5bbc52310f786099e18609289ed5e30af60a71e0646784c8185ddd1d0eebcf7c96b7faaaefc4a8366f3a3a4244d099b6d0866ee2bec80d1361e64342
  languageName: node
  linkType: hard

"debounce@npm:^1.2.1":
  version: 1.2.1
  resolution: "debounce@npm:1.2.1"
  checksum: 10/0b95b2a9d80ed69117d890f8dab8c0f2d6066f8d20edd1d810ae51f8f366a6d4c8b1d56e97dcb9304e93d57de4d5db440d34a03def7dad50403fc3f22bf16808
  languageName: node
  linkType: hard

"detect-libc@npm:^2.1.2":
  version: 2.1.2
  resolution: "detect-libc@npm:2.1.2"
  checksum: 10/b736c8d97d5d46164c0d1bed53eb4e6a3b1d8530d460211e2d52f1c552875e706c58a5376854e4e54f8b828c9cada58c855288c968522eb93ac7696d65970766
  languageName: node
  linkType: hard

"duplexer@npm:^0.1.2":
  version: 0.1.2
  resolution: "duplexer@npm:0.1.2"
  checksum: 10/62ba61a830c56801db28ff6305c7d289b6dc9f859054e8c982abd8ee0b0a14d2e9a8e7d086ffee12e868d43e2bbe8a964be55ddbd8c8957714c87373c7a4f9b0
  languageName: node
  linkType: hard

"eastasianwidth@npm:^0.2.0":
  version: 0.2.0
  resolution: "eastasianwidth@npm:0.2.0"
  checksum: 10/9b1d3e1baefeaf7d70799db8774149cef33b97183a6addceeba0cf6b85ba23ee2686f302f14482006df32df75d32b17c509c143a3689627929e4a8efaf483952
  languageName: node
  linkType: hard

"emoji-regex@npm:^8.0.0":
  version: 8.0.0
  resolution: "emoji-regex@npm:8.0.0"
  checksum: 10/c72d67a6821be15ec11997877c437491c313d924306b8da5d87d2a2bcc2cec9903cb5b04ee1a088460501d8e5b44f10df82fdc93c444101a7610b80c8b6938e1
  languageName: node
  linkType: hard

"emoji-regex@npm:^9.2.2":
  version: 9.2.2
  resolution: "emoji-regex@npm:9.2.2"
  checksum: 10/915acf859cea7131dac1b2b5c9c8e35c4849e325a1d114c30adb8cd615970f6dca0e27f64f3a4949d7d6ed86ecd79a1c5c63f02e697513cddd7b5835c90948b8
  languageName: node
  linkType: hard

"escape-string-regexp@npm:^4.0.0":
  version: 4.0.0
  resolution: "escape-string-regexp@npm:4.0.0"
  checksum: 10/98b48897d93060f2322108bf29db0feba7dd774be96cd069458d1453347b25ce8682ecc39859d4bca2203cc0ab19c237bcc71755eff49a0f8d90beadeeba5cc5
  languageName: node
  linkType: hard

"foreground-child@npm:^3.3.1":
  version: 3.3.1
  resolution: "foreground-child@npm:3.3.1"
  dependencies:
    cross-spawn: "npm:^7.0.6"
    signal-exit: "npm:^4.0.1"
  checksum: 10/427b33f997a98073c0424e5c07169264a62cda806d8d2ded159b5b903fdfc8f0a1457e06b5fc35506497acb3f1e353f025edee796300209ac6231e80edece835
  languageName: node
  linkType: hard

"glob@npm:^11.0.0":
  version: 11.1.0
  resolution: "glob@npm:11.1.0"
  dependencies:
    foreground-child: "npm:^3.3.1"
    jackspeak: "npm:^4.1.1"
    minimatch: "npm:^10.1.1"
    minipass: "npm:^7.1.2"
    package-json-from-dist: "npm:^1.0.0"
    path-scurry: "npm:^2.0.0"
  bin:
    glob: dist/esm/bin.mjs
  checksum: 10/da4501819633daff8822c007bb3f93d5c4d2cbc7b15a8e886660f4497dd251a1fb4f53a85fba1e760b31704eff7164aeb2c7a82db10f9f2c362d12c02fe52cf3
  languageName: node
  linkType: hard

"gzip-size@npm:^6.0.0":
  version: 6.0.0
  resolution: "gzip-size@npm:6.0.0"
  dependencies:
    duplexer: "npm:^0.1.2"
  checksum: 10/2df97f359696ad154fc171dcb55bc883fe6e833bca7a65e457b9358f3cb6312405ed70a8da24a77c1baac0639906cd52358dc0ce2ec1a937eaa631b934c94194
  languageName: node
  linkType: hard

"html-escaper@npm:^2.0.2":
  version: 2.0.2
  resolution: "html-escaper@npm:2.0.2"
  checksum: 10/034d74029dcca544a34fb6135e98d427acd73019796ffc17383eaa3ec2fe1c0471dcbbc8f8ed39e46e86d43ccd753a160631615e4048285e313569609b66d5b7
  languageName: node
  linkType: hard

"is-fullwidth-code-point@npm:^3.0.0":
  version: 3.0.0
  resolution: "is-fullwidth-code-point@npm:3.0.0"
  checksum: 10/44a30c29457c7fb8f00297bce733f0a64cd22eca270f83e58c105e0d015e45c019491a4ab2faef91ab51d4738c670daff901c799f6a700e27f7314029e99e348
  languageName: node
  linkType: hard

"is-plain-object@npm:^5.0.0":
  version: 5.0.0
  resolution: "is-plain-object@npm:5.0.0"
  checksum: 10/e32d27061eef62c0847d303125440a38660517e586f2f3db7c9d179ae5b6674ab0f469d519b2e25c147a1a3bc87156d0d5f4d8821e0ce4a9ee7fe1fcf11ce45c
  languageName: node
  linkType: hard

"isexe@npm:^2.0.0":
  version: 2.0.0
  resolution: "isexe@npm:2.0.0"
  checksum: 10/7c9f715c03aff08f35e98b1fadae1b9267b38f0615d501824f9743f3aab99ef10e303ce7db3f186763a0b70a19de5791ebfc854ff884d5a8c4d92211f642ec92
  languageName: node
  linkType: hard

"jackspeak@npm:^4.1.1":
  version: 4.1.1
  resolution: "jackspeak@npm:4.1.1"
  dependencies:
    "@isaacs/cliui": "npm:^8.0.2"
  checksum: 10/ffceb270ec286841f48413bfb4a50b188662dfd599378ce142b6540f3f0a66821dc9dcb1e9ebc55c6c3b24dc2226c96e5819ba9bd7a241bd29031b61911718c7
  languageName: node
  linkType: hard

"lru-cache@npm:^11.0.0":
  version: 11.1.0
  resolution: "lru-cache@npm:11.1.0"
  checksum: 10/5011011675ca98428902de774d0963b68c3a193cd959347cb63b781dad4228924124afab82159fd7b8b4db18285d9aff462b877b8f6efd2b41604f806c1d9db4
  languageName: node
  linkType: hard

"minimatch@npm:^10.1.1":
  version: 10.1.1
  resolution: "minimatch@npm:10.1.1"
  dependencies:
    "@isaacs/brace-expansion": "npm:^5.0.0"
  checksum: 10/110f38921ea527022e90f7a5f43721838ac740d0a0c26881c03b57c261354fb9a0430e40b2c56dfcea2ef3c773768f27210d1106f1f2be19cde3eea93f26f45e
  languageName: node
  linkType: hard

"minipass@npm:^7.1.2":
  version: 7.1.2
  resolution: "minipass@npm:7.1.2"
  checksum: 10/c25f0ee8196d8e6036661104bacd743785b2599a21de5c516b32b3fa2b83113ac89a2358465bc04956baab37ffb956ae43be679b2262bf7be15fce467ccd7950
  languageName: node
  linkType: hard

"mrmime@npm:^2.0.0":
  version: 2.0.1
  resolution: "mrmime@npm:2.0.1"
  checksum: 10/1f966e2c05b7264209c4149ae50e8e830908eb64dd903535196f6ad72681fa109b794007288a3c2814f7a1ecf9ca192769909c0c374d974d604a8de5fc095d4a
  languageName: node
  linkType: hard

"nanoid@npm:^3.3.6":
  version: 3.3.11
  resolution: "nanoid@npm:3.3.11"
  bin:
    nanoid: bin/nanoid.cjs
  checksum: 10/73b5afe5975a307aaa3c95dfe3334c52cdf9ae71518176895229b8d65ab0d1c0417dd081426134eb7571c055720428ea5d57c645138161e7d10df80815527c48
  languageName: node
  linkType: hard

"next-appdir@workspace:.":
  version: 0.0.0-use.local
  resolution: "next-appdir@workspace:."
  dependencies:
    "@navikt/aksel-icons": "file:./../../@navikt/aksel-icons"
    "@navikt/ds-css": "file:./../../@navikt/core/css"
    "@navikt/ds-react": "file:./../../@navikt/core/react"
    "@navikt/ds-tokens": "file:./../../@navikt/core/tokens"
    "@next/bundle-analyzer": "npm:^15.3.3"
    "@types/node": "npm:^20"
    "@types/react": "npm:^19"
    "@types/react-dom": "npm:^19"
    next: "npm:16.0.7"
    react: "npm:19.2.1"
    react-dom: "npm:19.2.1"
    rimraf: "npm:^6.0.1"
    typescript: "npm:5.9.3"
  languageName: unknown
  linkType: soft

"next@npm:16.0.7":
  version: 16.0.7
  resolution: "next@npm:16.0.7"
  dependencies:
    "@next/env": "npm:16.0.7"
    "@next/swc-darwin-arm64": "npm:16.0.7"
    "@next/swc-darwin-x64": "npm:16.0.7"
    "@next/swc-linux-arm64-gnu": "npm:16.0.7"
    "@next/swc-linux-arm64-musl": "npm:16.0.7"
    "@next/swc-linux-x64-gnu": "npm:16.0.7"
    "@next/swc-linux-x64-musl": "npm:16.0.7"
    "@next/swc-win32-arm64-msvc": "npm:16.0.7"
    "@next/swc-win32-x64-msvc": "npm:16.0.7"
    "@swc/helpers": "npm:0.5.15"
    caniuse-lite: "npm:^1.0.30001579"
    postcss: "npm:8.4.31"
    sharp: "npm:^0.34.4"
    styled-jsx: "npm:5.1.6"
  peerDependencies:
    "@opentelemetry/api": ^1.1.0
    "@playwright/test": ^1.51.1
    babel-plugin-react-compiler: "*"
    react: ^18.2.0 || 19.0.0-rc-de68d2f4-20241204 || ^19.0.0
    react-dom: ^18.2.0 || 19.0.0-rc-de68d2f4-20241204 || ^19.0.0
    sass: ^1.3.0
  dependenciesMeta:
    "@next/swc-darwin-arm64":
      optional: true
    "@next/swc-darwin-x64":
      optional: true
    "@next/swc-linux-arm64-gnu":
      optional: true
    "@next/swc-linux-arm64-musl":
      optional: true
    "@next/swc-linux-x64-gnu":
      optional: true
    "@next/swc-linux-x64-musl":
      optional: true
    "@next/swc-win32-arm64-msvc":
      optional: true
    "@next/swc-win32-x64-msvc":
      optional: true
    sharp:
      optional: true
  peerDependenciesMeta:
    "@opentelemetry/api":
      optional: true
    "@playwright/test":
      optional: true
    babel-plugin-react-compiler:
      optional: true
    sass:
      optional: true
  bin:
    next: dist/bin/next
  checksum: 10/1c8e174534279bb68447c8aabc1c68eb28eef33eaea32bfe76613d7727c114542c787e4b5cfb76fcedb88e0861c5171a0ae85f3e61bdf6d50ac7749b7bf5f09d
  languageName: node
  linkType: hard

"opener@npm:^1.5.2":
  version: 1.5.2
  resolution: "opener@npm:1.5.2"
  bin:
    opener: bin/opener-bin.js
  checksum: 10/0504efcd6546e14c016a261f58a68acf9f2e5c23d84865d7d5470d5169788327ceaa5386253682f533b3fba4821748aa37ecb395f3dae7acb3261b9b22e36814
  languageName: node
  linkType: hard

"package-json-from-dist@npm:^1.0.0":
  version: 1.0.1
  resolution: "package-json-from-dist@npm:1.0.1"
  checksum: 10/58ee9538f2f762988433da00e26acc788036914d57c71c246bf0be1b60cdbd77dd60b6a3e1a30465f0b248aeb80079e0b34cb6050b1dfa18c06953bb1cbc7602
  languageName: node
  linkType: hard

"path-key@npm:^3.1.0":
  version: 3.1.1
  resolution: "path-key@npm:3.1.1"
  checksum: 10/55cd7a9dd4b343412a8386a743f9c746ef196e57c823d90ca3ab917f90ab9f13dd0ded27252ba49dbdfcab2b091d998bc446f6220cd3cea65db407502a740020
  languageName: node
  linkType: hard

"path-scurry@npm:^2.0.0":
  version: 2.0.0
  resolution: "path-scurry@npm:2.0.0"
  dependencies:
    lru-cache: "npm:^11.0.0"
    minipass: "npm:^7.1.2"
  checksum: 10/285ae0c2d6c34ae91dc1d5378ede21981c9a2f6de1ea9ca5a88b5a270ce9763b83dbadc7a324d512211d8d36b0c540427d3d0817030849d97a60fa840a2c59ec
  languageName: node
  linkType: hard

"picocolors@npm:^1.0.0":
  version: 1.1.1
  resolution: "picocolors@npm:1.1.1"
  checksum: 10/e1cf46bf84886c79055fdfa9dcb3e4711ad259949e3565154b004b260cd356c5d54b31a1437ce9782624bf766272fe6b0154f5f0c744fb7af5d454d2b60db045
  languageName: node
  linkType: hard

"postcss@npm:8.4.31":
  version: 8.4.31
  resolution: "postcss@npm:8.4.31"
  dependencies:
    nanoid: "npm:^3.3.6"
    picocolors: "npm:^1.0.0"
    source-map-js: "npm:^1.0.2"
  checksum: 10/1a6653e72105907377f9d4f2cd341d8d90e3fde823a5ddea1e2237aaa56933ea07853f0f2758c28892a1d70c53bbaca200eb8b80f8ed55f13093003dbec5afa0
  languageName: node
  linkType: hard

"react-day-picker@npm:9.7.0":
  version: 9.7.0
  resolution: "react-day-picker@npm:9.7.0"
  dependencies:
    "@date-fns/tz": "npm:1.2.0"
    date-fns: "npm:4.1.0"
    date-fns-jalali: "npm:4.1.0-0"
  peerDependencies:
    react: ">=16.8.0"
  checksum: 10/8755db4a978e10f1b35cfa23d544523682f3f18c97357e3774f43a6e223cdfaa9218537a683cf45fe72cd1e2e0a1fab3d55957815b8b23ef118220509f57a359
  languageName: node
  linkType: hard

"react-dom@npm:19.2.1":
  version: 19.2.1
  resolution: "react-dom@npm:19.2.1"
  dependencies:
    scheduler: "npm:^0.27.0"
  peerDependencies:
    react: ^19.2.1
  checksum: 10/cceea7104bd3ad52e2f6377f47c4b346244c1263917fd95745e31647ff8ab23b16f719c2bfc8bcf2a6c802ecb9c9e81f08b09e3447e1f49bc27368283ed299ba
  languageName: node
  linkType: hard

"react@npm:19.2.1":
  version: 19.2.1
  resolution: "react@npm:19.2.1"
  checksum: 10/7c7ab0f40b98e87e1466bea8c28564c5f3c384506cbda93d24788d32b40bf6059c991687c7e90a396b11f09223a779a81b1188af9acd839aaa0a672987c13107
  languageName: node
  linkType: hard

"rimraf@npm:^6.0.1":
  version: 6.0.1
  resolution: "rimraf@npm:6.0.1"
  dependencies:
    glob: "npm:^11.0.0"
    package-json-from-dist: "npm:^1.0.0"
  bin:
    rimraf: dist/esm/bin.mjs
  checksum: 10/0eb7edf08aa39017496c99ba675552dda11a20811ba78f8232da2ba945308c91e9cd673f95998b1a8202bc7436d33390831d23ea38ae52751038d56373ad99e2
  languageName: node
  linkType: hard

"scheduler@npm:^0.27.0":
  version: 0.27.0
  resolution: "scheduler@npm:0.27.0"
  checksum: 10/eab3c3a8373195173e59c147224fc30dabe6dd453f248f5e610e8458512a5a2ee3a06465dc400ebfe6d35c9f5b7f3bb6b2e41c88c86fd177c25a73e7286a1e06
  languageName: node
  linkType: hard

"semver@npm:^7.7.3":
  version: 7.7.3
  resolution: "semver@npm:7.7.3"
  bin:
    semver: bin/semver.js
  checksum: 10/8dbc3168e057a38fc322af909c7f5617483c50caddba135439ff09a754b20bdd6482a5123ff543dad4affa488ecf46ec5fb56d61312ad20bb140199b88dfaea9
  languageName: node
  linkType: hard

"sharp@npm:^0.34.4":
  version: 0.34.5
  resolution: "sharp@npm:0.34.5"
  dependencies:
    "@img/colour": "npm:^1.0.0"
    "@img/sharp-darwin-arm64": "npm:0.34.5"
    "@img/sharp-darwin-x64": "npm:0.34.5"
    "@img/sharp-libvips-darwin-arm64": "npm:1.2.4"
    "@img/sharp-libvips-darwin-x64": "npm:1.2.4"
    "@img/sharp-libvips-linux-arm": "npm:1.2.4"
    "@img/sharp-libvips-linux-arm64": "npm:1.2.4"
    "@img/sharp-libvips-linux-ppc64": "npm:1.2.4"
    "@img/sharp-libvips-linux-riscv64": "npm:1.2.4"
    "@img/sharp-libvips-linux-s390x": "npm:1.2.4"
    "@img/sharp-libvips-linux-x64": "npm:1.2.4"
    "@img/sharp-libvips-linuxmusl-arm64": "npm:1.2.4"
    "@img/sharp-libvips-linuxmusl-x64": "npm:1.2.4"
    "@img/sharp-linux-arm": "npm:0.34.5"
    "@img/sharp-linux-arm64": "npm:0.34.5"
    "@img/sharp-linux-ppc64": "npm:0.34.5"
    "@img/sharp-linux-riscv64": "npm:0.34.5"
    "@img/sharp-linux-s390x": "npm:0.34.5"
    "@img/sharp-linux-x64": "npm:0.34.5"
    "@img/sharp-linuxmusl-arm64": "npm:0.34.5"
    "@img/sharp-linuxmusl-x64": "npm:0.34.5"
    "@img/sharp-wasm32": "npm:0.34.5"
    "@img/sharp-win32-arm64": "npm:0.34.5"
    "@img/sharp-win32-ia32": "npm:0.34.5"
    "@img/sharp-win32-x64": "npm:0.34.5"
    detect-libc: "npm:^2.1.2"
    semver: "npm:^7.7.3"
  dependenciesMeta:
    "@img/sharp-darwin-arm64":
      optional: true
    "@img/sharp-darwin-x64":
      optional: true
    "@img/sharp-libvips-darwin-arm64":
      optional: true
    "@img/sharp-libvips-darwin-x64":
      optional: true
    "@img/sharp-libvips-linux-arm":
      optional: true
    "@img/sharp-libvips-linux-arm64":
      optional: true
    "@img/sharp-libvips-linux-ppc64":
      optional: true
    "@img/sharp-libvips-linux-riscv64":
      optional: true
    "@img/sharp-libvips-linux-s390x":
      optional: true
    "@img/sharp-libvips-linux-x64":
      optional: true
    "@img/sharp-libvips-linuxmusl-arm64":
      optional: true
    "@img/sharp-libvips-linuxmusl-x64":
      optional: true
    "@img/sharp-linux-arm":
      optional: true
    "@img/sharp-linux-arm64":
      optional: true
    "@img/sharp-linux-ppc64":
      optional: true
    "@img/sharp-linux-riscv64":
      optional: true
    "@img/sharp-linux-s390x":
      optional: true
    "@img/sharp-linux-x64":
      optional: true
    "@img/sharp-linuxmusl-arm64":
      optional: true
    "@img/sharp-linuxmusl-x64":
      optional: true
    "@img/sharp-wasm32":
      optional: true
    "@img/sharp-win32-arm64":
      optional: true
    "@img/sharp-win32-ia32":
      optional: true
    "@img/sharp-win32-x64":
      optional: true
  checksum: 10/d62bc638c8ad382dffc266beeaffab71457d592abeb6fdf95b512e6dcbce0abf47b8d903b4ea081f012ceb40e4462f1e219184c729329146df32a5ccec2c231f
  languageName: node
  linkType: hard

"shebang-command@npm:^2.0.0":
  version: 2.0.0
  resolution: "shebang-command@npm:2.0.0"
  dependencies:
    shebang-regex: "npm:^3.0.0"
  checksum: 10/6b52fe87271c12968f6a054e60f6bde5f0f3d2db483a1e5c3e12d657c488a15474121a1d55cd958f6df026a54374ec38a4a963988c213b7570e1d51575cea7fa
  languageName: node
  linkType: hard

"shebang-regex@npm:^3.0.0":
  version: 3.0.0
  resolution: "shebang-regex@npm:3.0.0"
  checksum: 10/1a2bcae50de99034fcd92ad4212d8e01eedf52c7ec7830eedcf886622804fe36884278f2be8be0ea5fde3fd1c23911643a4e0f726c8685b61871c8908af01222
  languageName: node
  linkType: hard

"signal-exit@npm:^4.0.1":
  version: 4.1.0
  resolution: "signal-exit@npm:4.1.0"
  checksum: 10/c9fa63bbbd7431066174a48ba2dd9986dfd930c3a8b59de9c29d7b6854ec1c12a80d15310869ea5166d413b99f041bfa3dd80a7947bcd44ea8e6eb3ffeabfa1f
  languageName: node
  linkType: hard

"sirv@npm:^2.0.3":
  version: 2.0.4
  resolution: "sirv@npm:2.0.4"
  dependencies:
    "@polka/url": "npm:^1.0.0-next.24"
    mrmime: "npm:^2.0.0"
    totalist: "npm:^3.0.0"
  checksum: 10/24f42cf06895017e589c9d16fc3f1c6c07fe8b0dbafce8a8b46322cfba67b7f2498610183954cb0e9d089c8cb60002a7ee7e8bca6a91a0d7042bfbc3473c95c3
  languageName: node
  linkType: hard

"source-map-js@npm:^1.0.2":
  version: 1.2.1
  resolution: "source-map-js@npm:1.2.1"
  checksum: 10/ff9d8c8bf096d534a5b7707e0382ef827b4dd360a577d3f34d2b9f48e12c9d230b5747974ee7c607f0df65113732711bb701fe9ece3c7edbd43cb2294d707df3
  languageName: node
  linkType: hard

"string-width-cjs@npm:string-width@^4.2.0, string-width@npm:^4.1.0":
  version: 4.2.3
  resolution: "string-width@npm:4.2.3"
  dependencies:
    emoji-regex: "npm:^8.0.0"
    is-fullwidth-code-point: "npm:^3.0.0"
    strip-ansi: "npm:^6.0.1"
  checksum: 10/e52c10dc3fbfcd6c3a15f159f54a90024241d0f149cf8aed2982a2d801d2e64df0bf1dc351cf8e95c3319323f9f220c16e740b06faecd53e2462df1d2b5443fb
  languageName: node
  linkType: hard

"string-width@npm:^5.0.1, string-width@npm:^5.1.2":
  version: 5.1.2
  resolution: "string-width@npm:5.1.2"
  dependencies:
    eastasianwidth: "npm:^0.2.0"
    emoji-regex: "npm:^9.2.2"
    strip-ansi: "npm:^7.0.1"
  checksum: 10/7369deaa29f21dda9a438686154b62c2c5f661f8dda60449088f9f980196f7908fc39fdd1803e3e01541970287cf5deae336798337e9319a7055af89dafa7193
  languageName: node
  linkType: hard

"strip-ansi-cjs@npm:strip-ansi@^6.0.1, strip-ansi@npm:^6.0.0, strip-ansi@npm:^6.0.1":
  version: 6.0.1
  resolution: "strip-ansi@npm:6.0.1"
  dependencies:
    ansi-regex: "npm:^5.0.1"
  checksum: 10/ae3b5436d34fadeb6096367626ce987057713c566e1e7768818797e00ac5d62023d0f198c4e681eae9e20701721980b26a64a8f5b91238869592a9c6800719a2
  languageName: node
  linkType: hard

"strip-ansi@npm:^7.0.1":
  version: 7.1.0
  resolution: "strip-ansi@npm:7.1.0"
  dependencies:
    ansi-regex: "npm:^6.0.1"
  checksum: 10/475f53e9c44375d6e72807284024ac5d668ee1d06010740dec0b9744f2ddf47de8d7151f80e5f6190fc8f384e802fdf9504b76a7e9020c9faee7103623338be2
  languageName: node
  linkType: hard

"styled-jsx@npm:5.1.6":
  version: 5.1.6
  resolution: "styled-jsx@npm:5.1.6"
  dependencies:
    client-only: "npm:0.0.1"
  peerDependencies:
    react: ">= 16.8.0 || 17.x.x || ^18.0.0-0 || ^19.0.0-0"
  peerDependenciesMeta:
    "@babel/core":
      optional: true
    babel-plugin-macros:
      optional: true
  checksum: 10/ba01200e8227fe1441a719c2e7da96c8aa7ef61d14211d1500e1abce12efa118479bcb6e7e12beecb9e1db76432caad2f4e01bbc0c9be21c134b088a4ca5ffe0
  languageName: node
  linkType: hard

"tabbable@npm:^6.0.0":
  version: 6.2.0
  resolution: "tabbable@npm:6.2.0"
  checksum: 10/980fa73476026e99dcacfc0d6e000d41d42c8e670faf4682496d30c625495e412c4369694f2a15cf1e5252d22de3c396f2b62edbe8d60b5dadc40d09e3f2dde3
  languageName: node
  linkType: hard

"totalist@npm:^3.0.0":
  version: 3.0.1
  resolution: "totalist@npm:3.0.1"
  checksum: 10/5132d562cf88ff93fd710770a92f31dbe67cc19b5c6ccae2efc0da327f0954d211bbfd9456389655d726c624f284b4a23112f56d1da931ca7cfabbe1f45e778a
  languageName: node
  linkType: hard

"tslib@npm:^2.4.0, tslib@npm:^2.8.0":
  version: 2.8.1
  resolution: "tslib@npm:2.8.1"
  checksum: 10/3e2e043d5c2316461cb54e5c7fe02c30ef6dccb3384717ca22ae5c6b5bc95232a6241df19c622d9c73b809bea33b187f6dbc73030963e29950c2141bc32a79f7
  languageName: node
  linkType: hard

"typescript@npm:5.9.3":
  version: 5.9.3
  resolution: "typescript@npm:5.9.3"
  bin:
    tsc: bin/tsc
    tsserver: bin/tsserver
  checksum: 10/c089d9d3da2729fd4ac517f9b0e0485914c4b3c26f80dc0cffcb5de1719a17951e92425d55db59515c1a7ddab65808466debb864d0d56dcf43f27007d0709594
  languageName: node
  linkType: hard

"typescript@patch:typescript@npm%3A5.9.3#optional!builtin<compat/typescript>":
  version: 5.9.3
  resolution: "typescript@patch:typescript@npm%3A5.9.3#optional!builtin<compat/typescript>::version=5.9.3&hash=5786d5"
  bin:
    tsc: bin/tsc
    tsserver: bin/tsserver
  checksum: 10/696e1b017bc2635f4e0c94eb4435357701008e2f272f553d06e35b494b8ddc60aa221145e286c28ace0c89ee32827a28c2040e3a69bdc108b1a5dc8fb40b72e3
  languageName: node
  linkType: hard

"undici-types@npm:~6.21.0":
  version: 6.21.0
  resolution: "undici-types@npm:6.21.0"
  checksum: 10/ec8f41aa4359d50f9b59fa61fe3efce3477cc681908c8f84354d8567bb3701fafdddf36ef6bff307024d3feb42c837cf6f670314ba37fc8145e219560e473d14
  languageName: node
  linkType: hard

"webpack-bundle-analyzer@npm:4.10.1":
  version: 4.10.1
  resolution: "webpack-bundle-analyzer@npm:4.10.1"
  dependencies:
    "@discoveryjs/json-ext": "npm:0.5.7"
    acorn: "npm:^8.0.4"
    acorn-walk: "npm:^8.0.0"
    commander: "npm:^7.2.0"
    debounce: "npm:^1.2.1"
    escape-string-regexp: "npm:^4.0.0"
    gzip-size: "npm:^6.0.0"
    html-escaper: "npm:^2.0.2"
    is-plain-object: "npm:^5.0.0"
    opener: "npm:^1.5.2"
    picocolors: "npm:^1.0.0"
    sirv: "npm:^2.0.3"
    ws: "npm:^7.3.1"
  bin:
    webpack-bundle-analyzer: lib/bin/analyzer.js
  checksum: 10/bc7bc2c014ba36dfb3f28ef75e3bb4be17ebff092ae713a30392a1d578a73b5d83ed0940b9d12eca6b06e514218d8a1e7cb0610f0b4d74b53425be3f0cc3aea8
  languageName: node
  linkType: hard

"which@npm:^2.0.1":
  version: 2.0.2
  resolution: "which@npm:2.0.2"
  dependencies:
    isexe: "npm:^2.0.0"
  bin:
    node-which: ./bin/node-which
  checksum: 10/4782f8a1d6b8fc12c65e968fea49f59752bf6302dc43036c3bf87da718a80710f61a062516e9764c70008b487929a73546125570acea95c5b5dcc8ac3052c70f
  languageName: node
  linkType: hard

"wrap-ansi-cjs@npm:wrap-ansi@^7.0.0":
  version: 7.0.0
  resolution: "wrap-ansi@npm:7.0.0"
  dependencies:
    ansi-styles: "npm:^4.0.0"
    string-width: "npm:^4.1.0"
    strip-ansi: "npm:^6.0.0"
  checksum: 10/cebdaeca3a6880da410f75209e68cd05428580de5ad24535f22696d7d9cab134d1f8498599f344c3cf0fb37c1715807a183778d8c648d6cc0cb5ff2bb4236540
  languageName: node
  linkType: hard

"wrap-ansi@npm:^8.1.0":
  version: 8.1.0
  resolution: "wrap-ansi@npm:8.1.0"
  dependencies:
    ansi-styles: "npm:^6.1.0"
    string-width: "npm:^5.0.1"
    strip-ansi: "npm:^7.0.1"
  checksum: 10/7b1e4b35e9bb2312d2ee9ee7dc95b8cb5f8b4b5a89f7dde5543fe66c1e3715663094defa50d75454ac900bd210f702d575f15f3f17fa9ec0291806d2578d1ddf
  languageName: node
  linkType: hard

"ws@npm:^7.3.1":
  version: 7.5.10
  resolution: "ws@npm:7.5.10"
  peerDependencies:
    bufferutil: ^4.0.1
    utf-8-validate: ^5.0.2
  peerDependenciesMeta:
    bufferutil:
      optional: true
    utf-8-validate:
      optional: true
  checksum: 10/9c796b84ba80ffc2c2adcdfc9c8e9a219ba99caa435c9a8d45f9ac593bba325563b3f83edc5eb067cc6d21b9a6bf2c930adf76dd40af5f58a5ca6859e81858f0
  languageName: node
  linkType: hard
