# This file is generated by running "yarn install" inside your project.
# Manual changes might be lost - proceed with caution!

__metadata:
  version: 8
  cacheKey: 10

"@discoveryjs/json-ext@npm:0.5.7":
  version: 0.5.7
  resolution: "@discoveryjs/json-ext@npm:0.5.7"
  checksum: 10/b95682a852448e8ef50d6f8e3b7ba288aab3fd98a2bafbe46881a3db0c6e7248a2debe9e1ee0d4137c521e4743ca5bbcb1c0765c9d7b3e0ef53231506fec42b4
  languageName: node
  linkType: hard

"@floating-ui/core@npm:^1.0.0":
  version: 1.6.0
  resolution: "@floating-ui/core@npm:1.6.0"
  dependencies:
    "@floating-ui/utils": "npm:^0.2.1"
  checksum: 10/d6a47cacde193cd8ccb4c268b91ccc4ca254dffaec6242b07fd9bcde526044cc976d27933a7917f9a671de0a0e27f8d358f46400677dbd0c8199de293e9746e1
  languageName: node
  linkType: hard

"@floating-ui/core@npm:^1.6.0":
  version: 1.6.8
  resolution: "@floating-ui/core@npm:1.6.8"
  dependencies:
    "@floating-ui/utils": "npm:^0.2.8"
  checksum: 10/87d52989c3d2cc80373bc153b7a40814db3206ce7d0b2a2bdfb63e2ff39ffb8b999b1b0ccf28e548000ebf863bf16e2bed45eab4c4d287a5dbe974ef22368d82
  languageName: node
  linkType: hard

"@floating-ui/dom@npm:^1.0.0":
  version: 1.6.11
  resolution: "@floating-ui/dom@npm:1.6.11"
  dependencies:
    "@floating-ui/core": "npm:^1.6.0"
    "@floating-ui/utils": "npm:^0.2.8"
  checksum: 10/8579392ad10151474869e7640af169b0d7fc2df48d4da27b6dcb1a57202329147ed986b2972787d4b8cd550c87897271b2d9c4633c2ec7d0b3ad37ce1da636f1
  languageName: node
  linkType: hard

"@floating-ui/dom@npm:^1.6.1":
  version: 1.6.3
  resolution: "@floating-ui/dom@npm:1.6.3"
  dependencies:
    "@floating-ui/core": "npm:^1.0.0"
    "@floating-ui/utils": "npm:^0.2.0"
  checksum: 10/83e97076c7a5f55c3506f574bc53f03d38bed6eb8181920c8733076889371e287e9ae6f28c520a076967759b9b6ff425362832a5cdf16a999069530dbb9cce53
  languageName: node
  linkType: hard

"@floating-ui/react-dom@npm:^2.0.2":
  version: 2.0.8
  resolution: "@floating-ui/react-dom@npm:2.0.8"
  dependencies:
    "@floating-ui/dom": "npm:^1.6.1"
  peerDependencies:
    react: ">=16.8.0"
    react-dom: ">=16.8.0"
  checksum: 10/e57b2a498aecf8de0ec28adf434257fca7893bd9bd7e78b63ac98c63b29b9fc086fc175630154352f3610f5c4a0d329823837f4f6c235cc0459fde6417065590
  languageName: node
  linkType: hard

"@floating-ui/react-dom@npm:^2.0.9":
  version: 2.1.2
  resolution: "@floating-ui/react-dom@npm:2.1.2"
  dependencies:
    "@floating-ui/dom": "npm:^1.0.0"
  peerDependencies:
    react: ">=16.8.0"
    react-dom: ">=16.8.0"
  checksum: 10/2a67dc8499674e42ff32c7246bded185bb0fdd492150067caf9568569557ac4756a67787421d8604b0f241e5337de10762aee270d9aeef106d078a0ff13596c4
  languageName: node
  linkType: hard

"@floating-ui/react@npm:0.25.4":
  version: 0.25.4
  resolution: "@floating-ui/react@npm:0.25.4"
  dependencies:
    "@floating-ui/react-dom": "npm:^2.0.2"
    "@floating-ui/utils": "npm:^0.1.1"
    tabbable: "npm:^6.0.1"
  peerDependencies:
    react: ">=16.8.0"
    react-dom: ">=16.8.0"
  checksum: 10/9790e2ee5c1060f005aee0d0c21ba63cb9dbfc5eb775e259a84039d5c408b50573e7891733ec8f5fab2152df8615bfe85f30fd04656fc45af319aed99dfdf2dd
  languageName: node
  linkType: hard

"@floating-ui/utils@npm:^0.1.1":
  version: 0.1.6
  resolution: "@floating-ui/utils@npm:0.1.6"
  checksum: 10/450ec4ecc1dd8161b1904d4e1e9d95e653cc06f79af6c3b538b79efb10541d90bcc88646ab3cdffc5b92e00c4804ca727b025d153ad285f42dbbb39aec219ec9
  languageName: node
  linkType: hard

"@floating-ui/utils@npm:^0.2.0, @floating-ui/utils@npm:^0.2.1":
  version: 0.2.1
  resolution: "@floating-ui/utils@npm:0.2.1"
  checksum: 10/33c9ab346e7b05c5a1e6a95bc902aafcfc2c9d513a147e2491468843bd5607531b06d0b9aa56aa491cbf22a6c2495c18ccfc4c0344baec54a689a7bb8e4898d6
  languageName: node
  linkType: hard

"@floating-ui/utils@npm:^0.2.8":
  version: 0.2.8
  resolution: "@floating-ui/utils@npm:0.2.8"
  checksum: 10/3e3ea3b2de06badc4baebdf358b3dbd77ccd9474a257a6ef237277895943db2acbae756477ec64de65a2a1436d94aea3107129a1feeef6370675bf2b161c1abc
  languageName: node
  linkType: hard

"@navikt/aksel-icons@file:./../../@navikt/aksel-icons::locator=next-appdir%40workspace%3A.":
  version: 7.0.0
  resolution: "@navikt/aksel-icons@file:./../../@navikt/aksel-icons#./../../@navikt/aksel-icons::hash=7caeea&locator=next-appdir%40workspace%3A."
  checksum: 10/6c0c64a32106703da46e81543460d93009d5859ba27512818e774d5f056d59fc0fbce059bf74c48b9bf1751771948163ed5653d127f802903a9ab01c3f6b704b
  languageName: node
  linkType: hard

"@navikt/aksel-icons@npm:^7.0.0":
  version: 7.0.0
  resolution: "@navikt/aksel-icons@npm:7.0.0::__archiveUrl=https%3A%2F%2Fnpm.pkg.github.com%2Fdownload%2F%40navikt%2Faksel-icons%2F7.0.0%2Fb696ad78e601b1088d346cea4cd29940e8991bcb"
  checksum: 10/b6e52f785631d73a88a37b5eff22df071efb8e396ce6d83ba1b3016e9ca6536c0fbdc67c61f459dd35a01e3e8b1785ada434fe695adea2591bdc71d2114ea7e7
  languageName: node
  linkType: hard

"@navikt/ds-css@file:./../../@navikt/core/css::locator=next-appdir%40workspace%3A.":
  version: 7.0.0
  resolution: "@navikt/ds-css@file:./../../@navikt/core/css#./../../@navikt/core/css::hash=accf9c&locator=next-appdir%40workspace%3A."
  checksum: 10/ae5bf988cfe6dc61262f76448d2615f8bcedc1aefa60942fed389c168069ba12b2e2273dc13cf7c46c578496b3d2c29033b811c7389c138139e177cd6583f989
  languageName: node
  linkType: hard

"@navikt/ds-react@file:./../../@navikt/core/react::locator=next-appdir%40workspace%3A.":
  version: 7.0.0
  resolution: "@navikt/ds-react@file:./../../@navikt/core/react#./../../@navikt/core/react::hash=36349b&locator=next-appdir%40workspace%3A."
  dependencies:
    "@floating-ui/react": "npm:0.25.4"
    "@floating-ui/react-dom": "npm:^2.0.9"
    "@navikt/aksel-icons": "npm:^7.0.0"
    "@navikt/ds-tokens": "npm:^7.0.0"
    clsx: "npm:^2.1.0"
    date-fns: "npm:^3.0.0"
    react-day-picker: "npm:8.10.0"
  peerDependencies:
    "@types/react": ^17.0.30 || ^18.0.0
    react: ^17.0.0 || ^18.0.0
  peerDependenciesMeta:
    "@types/react":
      optional: true
  checksum: 10/eaf6f5780455ea9cf140ff2744bdbc9dba53be5c204b463287a6e1f6cc75a9a7c24b7ea6d5f88e1756f9512b5290733706a00df1f094430498da07ca6f3d2173
  languageName: node
  linkType: hard

"@navikt/ds-tokens@npm:^7.0.0":
  version: 7.0.0
  resolution: "@navikt/ds-tokens@npm:7.0.0::__archiveUrl=https%3A%2F%2Fnpm.pkg.github.com%2Fdownload%2F%40navikt%2Fds-tokens%2F7.0.0%2F5364615e29a7dc9b687713e89056737a6897f504"
  checksum: 10/23c584ea34b19e90d0f3a3a2d031b081dfc68cc4ac494e3396d3c1a07f633c2a32cc5edf84794ba99f07ce7c5cd626a6ab814f507d08073525a0b2b352155dd3
  languageName: node
  linkType: hard

"@next/bundle-analyzer@npm:^14.1.0":
  version: 14.1.0
  resolution: "@next/bundle-analyzer@npm:14.1.0"
  dependencies:
    webpack-bundle-analyzer: "npm:4.10.1"
  checksum: 10/535bae089bb6c05f27d36644e264e3b72cbc704843fe6773bf33fa812ac6b958a55bfebb2c83e39685b43bfc74ee973b540475a4ecb2560770d7df065af980f8
  languageName: node
  linkType: hard

"@next/env@npm:14.2.12":
  version: 14.2.12
  resolution: "@next/env@npm:14.2.12"
  checksum: 10/9e1f36da7d794a29db42ebc68e24cc7ab19ab2d1fd86d6cdf872fac0f56cbce97d6df9ff43f526ec083c505feea716b86668c7fcc410d809ad136bb656a45d03
  languageName: node
  linkType: hard

"@next/swc-darwin-arm64@npm:14.2.12":
  version: 14.2.12
  resolution: "@next/swc-darwin-arm64@npm:14.2.12"
  conditions: os=darwin & cpu=arm64
  languageName: node
  linkType: hard

"@next/swc-darwin-x64@npm:14.2.12":
  version: 14.2.12
  resolution: "@next/swc-darwin-x64@npm:14.2.12"
  conditions: os=darwin & cpu=x64
  languageName: node
  linkType: hard

"@next/swc-linux-arm64-gnu@npm:14.2.12":
  version: 14.2.12
  resolution: "@next/swc-linux-arm64-gnu@npm:14.2.12"
  conditions: os=linux & cpu=arm64 & libc=glibc
  languageName: node
  linkType: hard

"@next/swc-linux-arm64-musl@npm:14.2.12":
  version: 14.2.12
  resolution: "@next/swc-linux-arm64-musl@npm:14.2.12"
  conditions: os=linux & cpu=arm64 & libc=musl
  languageName: node
  linkType: hard

"@next/swc-linux-x64-gnu@npm:14.2.12":
  version: 14.2.12
  resolution: "@next/swc-linux-x64-gnu@npm:14.2.12"
  conditions: os=linux & cpu=x64 & libc=glibc
  languageName: node
  linkType: hard

"@next/swc-linux-x64-musl@npm:14.2.12":
  version: 14.2.12
  resolution: "@next/swc-linux-x64-musl@npm:14.2.12"
  conditions: os=linux & cpu=x64 & libc=musl
  languageName: node
  linkType: hard

"@next/swc-win32-arm64-msvc@npm:14.2.12":
  version: 14.2.12
  resolution: "@next/swc-win32-arm64-msvc@npm:14.2.12"
  conditions: os=win32 & cpu=arm64
  languageName: node
  linkType: hard

"@next/swc-win32-ia32-msvc@npm:14.2.12":
  version: 14.2.12
  resolution: "@next/swc-win32-ia32-msvc@npm:14.2.12"
  conditions: os=win32 & cpu=ia32
  languageName: node
  linkType: hard

"@next/swc-win32-x64-msvc@npm:14.2.12":
  version: 14.2.12
  resolution: "@next/swc-win32-x64-msvc@npm:14.2.12"
  conditions: os=win32 & cpu=x64
  languageName: node
  linkType: hard

"@polka/url@npm:^1.0.0-next.24":
  version: 1.0.0-next.24
  resolution: "@polka/url@npm:1.0.0-next.24"
  checksum: 10/00baec4458ac86ca27edf7ce807ccfad97cd1d4b67bdedaf3401a9e755757588f3331e891290d1deea52d88df2bf2387caf8d94a6835b614d5b37b638a688273
  languageName: node
  linkType: hard

"@swc/counter@npm:^0.1.3":
  version: 0.1.3
  resolution: "@swc/counter@npm:0.1.3"
  checksum: 10/df8f9cfba9904d3d60f511664c70d23bb323b3a0803ec9890f60133954173047ba9bdeabce28cd70ba89ccd3fd6c71c7b0bd58be85f611e1ffbe5d5c18616598
  languageName: node
  linkType: hard

"@swc/helpers@npm:0.5.5":
  version: 0.5.5
  resolution: "@swc/helpers@npm:0.5.5"
  dependencies:
    "@swc/counter": "npm:^0.1.3"
    tslib: "npm:^2.4.0"
  checksum: 10/1c5ef04f642542212df28c669438f3e0f459dcde7b448a5b1fcafb2e9e4f13e76d8428535a270e91ed123dd2a21189dbed34086b88a8cf68baf84984d6d0e39b
  languageName: node
  linkType: hard

"@types/node@npm:^20":
  version: 20.11.19
  resolution: "@types/node@npm:20.11.19"
  dependencies:
    undici-types: "npm:~5.26.4"
  checksum: 10/c7f4705d6c84aa21679ad180c33c13ca9567f650e66e14bcee77c7c43d14619c7cd3b4d7b2458947143030b7b1930180efa6d12d999b45366abff9fed7a17472
  languageName: node
  linkType: hard

"@types/prop-types@npm:*":
  version: 15.7.11
  resolution: "@types/prop-types@npm:15.7.11"
  checksum: 10/7519ff11d06fbf6b275029fe03fff9ec377b4cb6e864cac34d87d7146c7f5a7560fd164bdc1d2dbe00b60c43713631251af1fd3d34d46c69cd354602bc0c7c54
  languageName: node
  linkType: hard

"@types/react-dom@npm:^18":
  version: 18.2.19
  resolution: "@types/react-dom@npm:18.2.19"
  dependencies:
    "@types/react": "npm:*"
  checksum: 10/98eb760ce78f1016d97c70f605f0b1a53873a548d3c2192b40c897f694fd9c8bb12baeada16581a9c7b26f5022c1d2613547be98284d8f1b82d1611b1e3e7df0
  languageName: node
  linkType: hard

"@types/react@npm:*, @types/react@npm:^18":
  version: 18.2.57
  resolution: "@types/react@npm:18.2.57"
  dependencies:
    "@types/prop-types": "npm:*"
    "@types/scheduler": "npm:*"
    csstype: "npm:^3.0.2"
  checksum: 10/beee45a8ee48862fb5101f6ebdd89ccc20c5a6df29dcd2315560bc3b57ea3af8d09a8e9bb1c58063a70f9010e0d2c7bd300819438e2ca62810285c3d7275ab5a
  languageName: node
  linkType: hard

"@types/scheduler@npm:*":
  version: 0.16.8
  resolution: "@types/scheduler@npm:0.16.8"
  checksum: 10/6c091b096daa490093bf30dd7947cd28e5b2cd612ec93448432b33f724b162587fed9309a0acc104d97b69b1d49a0f3fc755a62282054d62975d53d7fd13472d
  languageName: node
  linkType: hard

"acorn-walk@npm:^8.0.0":
  version: 8.3.2
  resolution: "acorn-walk@npm:8.3.2"
  checksum: 10/57dbe2fd8cf744f562431775741c5c087196cd7a65ce4ccb3f3981cdfad25cd24ad2bad404997b88464ac01e789a0a61e5e355b2a84876f13deef39fb39686ca
  languageName: node
  linkType: hard

"acorn@npm:^8.0.4":
  version: 8.11.3
  resolution: "acorn@npm:8.11.3"
  bin:
    acorn: bin/acorn
  checksum: 10/b688e7e3c64d9bfb17b596e1b35e4da9d50553713b3b3630cf5690f2b023a84eac90c56851e6912b483fe60e8b4ea28b254c07e92f17ef83d72d78745a8352dd
  languageName: node
  linkType: hard

"busboy@npm:1.6.0":
  version: 1.6.0
  resolution: "busboy@npm:1.6.0"
  dependencies:
    streamsearch: "npm:^1.1.0"
  checksum: 10/bee10fa10ea58e7e3e7489ffe4bda6eacd540a17de9f9cd21cc37e297b2dd9fe52b2715a5841afaec82900750d810d01d7edb4b2d456427f449b92b417579763
  languageName: node
  linkType: hard

"caniuse-lite@npm:^1.0.30001579":
  version: 1.0.30001588
  resolution: "caniuse-lite@npm:1.0.30001588"
  checksum: 10/09150ef2daa65c75cb2681832d5bc203760a02d9f71eb033dc0401fbfdbe026d3a84e54a8d2085f730a4f51eb074028b89013dd033841e1a0eb3c7323a50ed45
  languageName: node
  linkType: hard

"client-only@npm:0.0.1":
  version: 0.0.1
  resolution: "client-only@npm:0.0.1"
  checksum: 10/0c16bf660dadb90610553c1d8946a7fdfb81d624adea073b8440b7d795d5b5b08beb3c950c6a2cf16279365a3265158a236876d92bce16423c485c322d7dfaf8
  languageName: node
  linkType: hard

"clsx@npm:^2.1.0":
  version: 2.1.0
  resolution: "clsx@npm:2.1.0"
  checksum: 10/2e0ce7c3b6803d74fc8147c408f88e79245583202ac14abd9691e2aebb9f312de44270b79154320d10bb7804a9197869635d1291741084826cff20820f31542b
  languageName: node
  linkType: hard

"commander@npm:^7.2.0":
  version: 7.2.0
  resolution: "commander@npm:7.2.0"
  checksum: 10/9973af10727ad4b44f26703bf3e9fdc323528660a7590efe3aa9ad5042b4584c0deed84ba443f61c9d6f02dade54a5a5d3c95e306a1e1630f8374ae6db16c06d
  languageName: node
  linkType: hard

"csstype@npm:^3.0.2":
  version: 3.1.3
  resolution: "csstype@npm:3.1.3"
  checksum: 10/f593cce41ff5ade23f44e77521e3a1bcc2c64107041e1bf6c3c32adc5187d0d60983292fda326154d20b01079e24931aa5b08e4467cc488b60bb1e7f6d478ade
  languageName: node
  linkType: hard

"date-fns@npm:^3.0.0":
  version: 3.3.1
  resolution: "date-fns@npm:3.3.1"
  checksum: 10/98231936765dfb6fc6897676319b500a06a39f051b2c3ecbdd541a07ce9b1344b770277b8bfb1049fb7a2f70bf365ac8e6f1e2bb452b10e1a8101d518ca7f95d
  languageName: node
  linkType: hard

"debounce@npm:^1.2.1":
  version: 1.2.1
  resolution: "debounce@npm:1.2.1"
  checksum: 10/0b95b2a9d80ed69117d890f8dab8c0f2d6066f8d20edd1d810ae51f8f366a6d4c8b1d56e97dcb9304e93d57de4d5db440d34a03def7dad50403fc3f22bf16808
  languageName: node
  linkType: hard

"duplexer@npm:^0.1.2":
  version: 0.1.2
  resolution: "duplexer@npm:0.1.2"
  checksum: 10/62ba61a830c56801db28ff6305c7d289b6dc9f859054e8c982abd8ee0b0a14d2e9a8e7d086ffee12e868d43e2bbe8a964be55ddbd8c8957714c87373c7a4f9b0
  languageName: node
  linkType: hard

"escape-string-regexp@npm:^4.0.0":
  version: 4.0.0
  resolution: "escape-string-regexp@npm:4.0.0"
  checksum: 10/98b48897d93060f2322108bf29db0feba7dd774be96cd069458d1453347b25ce8682ecc39859d4bca2203cc0ab19c237bcc71755eff49a0f8d90beadeeba5cc5
  languageName: node
  linkType: hard

"graceful-fs@npm:^4.2.11":
  version: 4.2.11
  resolution: "graceful-fs@npm:4.2.11"
  checksum: 10/bf152d0ed1dc159239db1ba1f74fdbc40cb02f626770dcd5815c427ce0688c2635a06ed69af364396da4636d0408fcf7d4afdf7881724c3307e46aff30ca49e2
  languageName: node
  linkType: hard

"gzip-size@npm:^6.0.0":
  version: 6.0.0
  resolution: "gzip-size@npm:6.0.0"
  dependencies:
    duplexer: "npm:^0.1.2"
  checksum: 10/2df97f359696ad154fc171dcb55bc883fe6e833bca7a65e457b9358f3cb6312405ed70a8da24a77c1baac0639906cd52358dc0ce2ec1a937eaa631b934c94194
  languageName: node
  linkType: hard

"html-escaper@npm:^2.0.2":
  version: 2.0.2
  resolution: "html-escaper@npm:2.0.2"
  checksum: 10/034d74029dcca544a34fb6135e98d427acd73019796ffc17383eaa3ec2fe1c0471dcbbc8f8ed39e46e86d43ccd753a160631615e4048285e313569609b66d5b7
  languageName: node
  linkType: hard

"is-plain-object@npm:^5.0.0":
  version: 5.0.0
  resolution: "is-plain-object@npm:5.0.0"
  checksum: 10/e32d27061eef62c0847d303125440a38660517e586f2f3db7c9d179ae5b6674ab0f469d519b2e25c147a1a3bc87156d0d5f4d8821e0ce4a9ee7fe1fcf11ce45c
  languageName: node
  linkType: hard

"js-tokens@npm:^3.0.0 || ^4.0.0":
  version: 4.0.0
  resolution: "js-tokens@npm:4.0.0"
  checksum: 10/af37d0d913fb56aec6dc0074c163cc71cd23c0b8aad5c2350747b6721d37ba118af35abdd8b33c47ec2800de07dedb16a527ca9c530ee004093e04958bd0cbf2
  languageName: node
  linkType: hard

"loose-envify@npm:^1.1.0":
  version: 1.4.0
  resolution: "loose-envify@npm:1.4.0"
  dependencies:
    js-tokens: "npm:^3.0.0 || ^4.0.0"
  bin:
    loose-envify: cli.js
  checksum: 10/6517e24e0cad87ec9888f500c5b5947032cdfe6ef65e1c1936a0c48a524b81e65542c9c3edc91c97d5bddc806ee2a985dbc79be89215d613b1de5db6d1cfe6f4
  languageName: node
  linkType: hard

"mrmime@npm:^2.0.0":
  version: 2.0.0
  resolution: "mrmime@npm:2.0.0"
  checksum: 10/8d95f714ea200c6cf3e3777cbc6168be04b05ac510090a9b41eef5ec081efeb1d1de3e535ffb9c9689fffcc42f59864fd52a500e84a677274f070adeea615c45
  languageName: node
  linkType: hard

"nanoid@npm:^3.3.6":
  version: 3.3.7
  resolution: "nanoid@npm:3.3.7"
  bin:
    nanoid: bin/nanoid.cjs
  checksum: 10/ac1eb60f615b272bccb0e2b9cd933720dad30bf9708424f691b8113826bb91aca7e9d14ef5d9415a6ba15c266b37817256f58d8ce980c82b0ba3185352565679
  languageName: node
  linkType: hard

"next-appdir@workspace:.":
  version: 0.0.0-use.local
  resolution: "next-appdir@workspace:."
  dependencies:
    "@navikt/aksel-icons": "file:./../../@navikt/aksel-icons"
    "@navikt/ds-css": "file:./../../@navikt/core/css"
    "@navikt/ds-react": "file:./../../@navikt/core/react"
    "@next/bundle-analyzer": "npm:^14.1.0"
    "@types/node": "npm:^20"
    "@types/react": "npm:^18"
    "@types/react-dom": "npm:^18"
    next: "npm:14.2.12"
    react: "npm:^18"
    react-dom: "npm:^18"
    typescript: "npm:^5"
  languageName: unknown
  linkType: soft

"next@npm:14.2.12":
  version: 14.2.12
  resolution: "next@npm:14.2.12"
  dependencies:
    "@next/env": "npm:14.2.12"
    "@next/swc-darwin-arm64": "npm:14.2.12"
    "@next/swc-darwin-x64": "npm:14.2.12"
    "@next/swc-linux-arm64-gnu": "npm:14.2.12"
    "@next/swc-linux-arm64-musl": "npm:14.2.12"
    "@next/swc-linux-x64-gnu": "npm:14.2.12"
    "@next/swc-linux-x64-musl": "npm:14.2.12"
    "@next/swc-win32-arm64-msvc": "npm:14.2.12"
    "@next/swc-win32-ia32-msvc": "npm:14.2.12"
    "@next/swc-win32-x64-msvc": "npm:14.2.12"
    "@swc/helpers": "npm:0.5.5"
    busboy: "npm:1.6.0"
    caniuse-lite: "npm:^1.0.30001579"
    graceful-fs: "npm:^4.2.11"
    postcss: "npm:8.4.31"
    styled-jsx: "npm:5.1.1"
  peerDependencies:
    "@opentelemetry/api": ^1.1.0
    "@playwright/test": ^1.41.2
    react: ^18.2.0
    react-dom: ^18.2.0
    sass: ^1.3.0
  dependenciesMeta:
    "@next/swc-darwin-arm64":
      optional: true
    "@next/swc-darwin-x64":
      optional: true
    "@next/swc-linux-arm64-gnu":
      optional: true
    "@next/swc-linux-arm64-musl":
      optional: true
    "@next/swc-linux-x64-gnu":
      optional: true
    "@next/swc-linux-x64-musl":
      optional: true
    "@next/swc-win32-arm64-msvc":
      optional: true
    "@next/swc-win32-ia32-msvc":
      optional: true
    "@next/swc-win32-x64-msvc":
      optional: true
  peerDependenciesMeta:
    "@opentelemetry/api":
      optional: true
    "@playwright/test":
      optional: true
    sass:
      optional: true
  bin:
    next: dist/bin/next
  checksum: 10/4dcae15547930cdaeb8a1d935dec3ab0c82a65347b0835988fd70fa5b108f1c301b75f98acf063c253858719e2969301fb2b0c30d6b2a46086ec19419430b119
  languageName: node
  linkType: hard

"opener@npm:^1.5.2":
  version: 1.5.2
  resolution: "opener@npm:1.5.2"
  bin:
    opener: bin/opener-bin.js
  checksum: 10/0504efcd6546e14c016a261f58a68acf9f2e5c23d84865d7d5470d5169788327ceaa5386253682f533b3fba4821748aa37ecb395f3dae7acb3261b9b22e36814
  languageName: node
  linkType: hard

"picocolors@npm:^1.0.0":
  version: 1.0.0
  resolution: "picocolors@npm:1.0.0"
  checksum: 10/a2e8092dd86c8396bdba9f2b5481032848525b3dc295ce9b57896f931e63fc16f79805144321f72976383fc249584672a75cc18d6777c6b757603f372f745981
  languageName: node
  linkType: hard

"postcss@npm:8.4.31":
  version: 8.4.31
  resolution: "postcss@npm:8.4.31"
  dependencies:
    nanoid: "npm:^3.3.6"
    picocolors: "npm:^1.0.0"
    source-map-js: "npm:^1.0.2"
  checksum: 10/1a6653e72105907377f9d4f2cd341d8d90e3fde823a5ddea1e2237aaa56933ea07853f0f2758c28892a1d70c53bbaca200eb8b80f8ed55f13093003dbec5afa0
  languageName: node
  linkType: hard

"react-day-picker@npm:8.10.0":
  version: 8.10.0
  resolution: "react-day-picker@npm:8.10.0"
  peerDependencies:
    date-fns: ^2.28.0 || ^3.0.0
    react: ^16.8.0 || ^17.0.0 || ^18.0.0
  checksum: 10/974496ce004762d521923fc533f6ad6ff8d1f24368220753106617eb199aeb9658b4b7734e12a3fe8a5057840464a3d2d08b4b7f9a84ec77a59c50cc647f6dbc
  languageName: node
  linkType: hard

"react-dom@npm:^18":
  version: 18.2.0
  resolution: "react-dom@npm:18.2.0"
  dependencies:
    loose-envify: "npm:^1.1.0"
    scheduler: "npm:^0.23.0"
  peerDependencies:
    react: ^18.2.0
  checksum: 10/ca5e7762ec8c17a472a3605b6f111895c9f87ac7d43a610ab7024f68cd833d08eda0625ce02ec7178cc1f3c957cf0b9273cdc17aa2cd02da87544331c43b1d21
  languageName: node
  linkType: hard

"react@npm:^18":
  version: 18.2.0
  resolution: "react@npm:18.2.0"
  dependencies:
    loose-envify: "npm:^1.1.0"
  checksum: 10/b9214a9bd79e99d08de55f8bef2b7fc8c39630be97c4e29d7be173d14a9a10670b5325e94485f74cd8bff4966ef3c78ee53c79a7b0b9b70cba20aa8973acc694
  languageName: node
  linkType: hard

"scheduler@npm:^0.23.0":
  version: 0.23.0
  resolution: "scheduler@npm:0.23.0"
  dependencies:
    loose-envify: "npm:^1.1.0"
  checksum: 10/0c4557aa37bafca44ff21dc0ea7c92e2dbcb298bc62eae92b29a39b029134f02fb23917d6ebc8b1fa536b4184934314c20d8864d156a9f6357f3398aaf7bfda8
  languageName: node
  linkType: hard

"sirv@npm:^2.0.3":
  version: 2.0.4
  resolution: "sirv@npm:2.0.4"
  dependencies:
    "@polka/url": "npm:^1.0.0-next.24"
    mrmime: "npm:^2.0.0"
    totalist: "npm:^3.0.0"
  checksum: 10/24f42cf06895017e589c9d16fc3f1c6c07fe8b0dbafce8a8b46322cfba67b7f2498610183954cb0e9d089c8cb60002a7ee7e8bca6a91a0d7042bfbc3473c95c3
  languageName: node
  linkType: hard

"source-map-js@npm:^1.0.2":
  version: 1.0.2
  resolution: "source-map-js@npm:1.0.2"
  checksum: 10/38e2d2dd18d2e331522001fc51b54127ef4a5d473f53b1349c5cca2123562400e0986648b52e9407e348eaaed53bce49248b6e2641e6d793ca57cb2c360d6d51
  languageName: node
  linkType: hard

"streamsearch@npm:^1.1.0":
  version: 1.1.0
  resolution: "streamsearch@npm:1.1.0"
  checksum: 10/612c2b2a7dbcc859f74597112f80a42cbe4d448d03da790d5b7b39673c1197dd3789e91cd67210353e58857395d32c1e955a9041c4e6d5bae723436b3ed9ed14
  languageName: node
  linkType: hard

"styled-jsx@npm:5.1.1":
  version: 5.1.1
  resolution: "styled-jsx@npm:5.1.1"
  dependencies:
    client-only: "npm:0.0.1"
  peerDependencies:
    react: ">= 16.8.0 || 17.x.x || ^18.0.0-0"
  peerDependenciesMeta:
    "@babel/core":
      optional: true
    babel-plugin-macros:
      optional: true
  checksum: 10/4f6a5d0010770fdeea1183d919d528fd46c484e23c0535ef3e1dd49488116f639c594f3bd4440e3bc8a8686c9f8d53c5761599870ff039ede11a5c3bfe08a4be
  languageName: node
  linkType: hard

"tabbable@npm:^6.0.1":
  version: 6.2.0
  resolution: "tabbable@npm:6.2.0"
  checksum: 10/980fa73476026e99dcacfc0d6e000d41d42c8e670faf4682496d30c625495e412c4369694f2a15cf1e5252d22de3c396f2b62edbe8d60b5dadc40d09e3f2dde3
  languageName: node
  linkType: hard

"totalist@npm:^3.0.0":
  version: 3.0.1
  resolution: "totalist@npm:3.0.1"
  checksum: 10/5132d562cf88ff93fd710770a92f31dbe67cc19b5c6ccae2efc0da327f0954d211bbfd9456389655d726c624f284b4a23112f56d1da931ca7cfabbe1f45e778a
  languageName: node
  linkType: hard

"tslib@npm:^2.4.0":
  version: 2.6.2
  resolution: "tslib@npm:2.6.2"
  checksum: 10/bd26c22d36736513980091a1e356378e8b662ded04204453d353a7f34a4c21ed0afc59b5f90719d4ba756e581a162ecbf93118dc9c6be5acf70aa309188166ca
  languageName: node
  linkType: hard

"typescript@npm:^5":
  version: 5.3.3
  resolution: "typescript@npm:5.3.3"
  bin:
    tsc: bin/tsc
    tsserver: bin/tsserver
  checksum: 10/6e4e6a14a50c222b3d14d4ea2f729e79f972fa536ac1522b91202a9a65af3605c2928c4a790a4a50aa13694d461c479ba92cedaeb1e7b190aadaa4e4b96b8e18
  languageName: node
  linkType: hard

"typescript@patch:typescript@npm%3A^5#optional!builtin<compat/typescript>":
  version: 5.3.3
  resolution: "typescript@patch:typescript@npm%3A5.3.3#optional!builtin<compat/typescript>::version=5.3.3&hash=e012d7"
  bin:
    tsc: bin/tsc
    tsserver: bin/tsserver
  checksum: 10/c93786fcc9a70718ba1e3819bab56064ead5817004d1b8186f8ca66165f3a2d0100fee91fa64c840dcd45f994ca5d615d8e1f566d39a7470fc1e014dbb4cf15d
  languageName: node
  linkType: hard

"undici-types@npm:~5.26.4":
  version: 5.26.5
  resolution: "undici-types@npm:5.26.5"
  checksum: 10/0097779d94bc0fd26f0418b3a05472410408877279141ded2bd449167be1aed7ea5b76f756562cb3586a07f251b90799bab22d9019ceba49c037c76445f7cddd
  languageName: node
  linkType: hard

"webpack-bundle-analyzer@npm:4.10.1":
  version: 4.10.1
  resolution: "webpack-bundle-analyzer@npm:4.10.1"
  dependencies:
    "@discoveryjs/json-ext": "npm:0.5.7"
    acorn: "npm:^8.0.4"
    acorn-walk: "npm:^8.0.0"
    commander: "npm:^7.2.0"
    debounce: "npm:^1.2.1"
    escape-string-regexp: "npm:^4.0.0"
    gzip-size: "npm:^6.0.0"
    html-escaper: "npm:^2.0.2"
    is-plain-object: "npm:^5.0.0"
    opener: "npm:^1.5.2"
    picocolors: "npm:^1.0.0"
    sirv: "npm:^2.0.3"
    ws: "npm:^7.3.1"
  bin:
    webpack-bundle-analyzer: lib/bin/analyzer.js
  checksum: 10/bc7bc2c014ba36dfb3f28ef75e3bb4be17ebff092ae713a30392a1d578a73b5d83ed0940b9d12eca6b06e514218d8a1e7cb0610f0b4d74b53425be3f0cc3aea8
  languageName: node
  linkType: hard

"ws@npm:^7.3.1":
  version: 7.5.9
  resolution: "ws@npm:7.5.9"
  peerDependencies:
    bufferutil: ^4.0.1
    utf-8-validate: ^5.0.2
  peerDependenciesMeta:
    bufferutil:
      optional: true
    utf-8-validate:
      optional: true
  checksum: 10/171e35012934bd8788150a7f46f963e50bac43a4dc524ee714c20f258693ac4d3ba2abadb00838fdac42a47af9e958c7ae7e6f4bc56db047ba897b8a2268cf7c
  languageName: node
  linkType: hard
