# This file is generated by running "yarn install" inside your project.
# Manual changes might be lost - proceed with caution!

__metadata:
  version: 8
  cacheKey: 10

"@date-fns/tz@npm:^1.2.0":
  version: 1.2.0
  resolution: "@date-fns/tz@npm:1.2.0"
  checksum: 10/a9c2d32f98a5a5c655a7d3843046a5a36779b2ef0db803c608291976e6254e594a085777bf738379f50c7e9fc2ffebbf8bb836e9e9759a5ef2b703f91bb785de
  languageName: node
  linkType: hard

"@discoveryjs/json-ext@npm:0.5.7":
  version: 0.5.7
  resolution: "@discoveryjs/json-ext@npm:0.5.7"
  checksum: 10/b95682a852448e8ef50d6f8e3b7ba288aab3fd98a2bafbe46881a3db0c6e7248a2debe9e1ee0d4137c521e4743ca5bbcb1c0765c9d7b3e0ef53231506fec42b4
  languageName: node
  linkType: hard

"@emnapi/runtime@npm:^1.2.0":
  version: 1.3.1
  resolution: "@emnapi/runtime@npm:1.3.1"
  dependencies:
    tslib: "npm:^2.4.0"
  checksum: 10/619915ee44682356f77f60455025e667b0b04ad3c95ced36c03782aea9ebc066fa73e86c4a59d221177eba5e5533d40b3a6dbff4e58ee5d81db4270185c21e22
  languageName: node
  linkType: hard

"@floating-ui/core@npm:^1.6.0":
  version: 1.6.8
  resolution: "@floating-ui/core@npm:1.6.8"
  dependencies:
    "@floating-ui/utils": "npm:^0.2.8"
  checksum: 10/87d52989c3d2cc80373bc153b7a40814db3206ce7d0b2a2bdfb63e2ff39ffb8b999b1b0ccf28e548000ebf863bf16e2bed45eab4c4d287a5dbe974ef22368d82
  languageName: node
  linkType: hard

"@floating-ui/dom@npm:^1.0.0":
  version: 1.6.11
  resolution: "@floating-ui/dom@npm:1.6.11"
  dependencies:
    "@floating-ui/core": "npm:^1.6.0"
    "@floating-ui/utils": "npm:^0.2.8"
  checksum: 10/8579392ad10151474869e7640af169b0d7fc2df48d4da27b6dcb1a57202329147ed986b2972787d4b8cd550c87897271b2d9c4633c2ec7d0b3ad37ce1da636f1
  languageName: node
  linkType: hard

"@floating-ui/react-dom@npm:^2.0.2, @floating-ui/react-dom@npm:^2.0.9":
  version: 2.1.2
  resolution: "@floating-ui/react-dom@npm:2.1.2"
  dependencies:
    "@floating-ui/dom": "npm:^1.0.0"
  peerDependencies:
    react: ">=16.8.0"
    react-dom: ">=16.8.0"
  checksum: 10/2a67dc8499674e42ff32c7246bded185bb0fdd492150067caf9568569557ac4756a67787421d8604b0f241e5337de10762aee270d9aeef106d078a0ff13596c4
  languageName: node
  linkType: hard

"@floating-ui/react@npm:0.25.4":
  version: 0.25.4
  resolution: "@floating-ui/react@npm:0.25.4"
  dependencies:
    "@floating-ui/react-dom": "npm:^2.0.2"
    "@floating-ui/utils": "npm:^0.1.1"
    tabbable: "npm:^6.0.1"
  peerDependencies:
    react: ">=16.8.0"
    react-dom: ">=16.8.0"
  checksum: 10/9790e2ee5c1060f005aee0d0c21ba63cb9dbfc5eb775e259a84039d5c408b50573e7891733ec8f5fab2152df8615bfe85f30fd04656fc45af319aed99dfdf2dd
  languageName: node
  linkType: hard

"@floating-ui/utils@npm:^0.1.1":
  version: 0.1.6
  resolution: "@floating-ui/utils@npm:0.1.6"
  checksum: 10/450ec4ecc1dd8161b1904d4e1e9d95e653cc06f79af6c3b538b79efb10541d90bcc88646ab3cdffc5b92e00c4804ca727b025d153ad285f42dbbb39aec219ec9
  languageName: node
  linkType: hard

"@floating-ui/utils@npm:^0.2.8":
  version: 0.2.8
  resolution: "@floating-ui/utils@npm:0.2.8"
  checksum: 10/3e3ea3b2de06badc4baebdf358b3dbd77ccd9474a257a6ef237277895943db2acbae756477ec64de65a2a1436d94aea3107129a1feeef6370675bf2b161c1abc
  languageName: node
  linkType: hard

"@img/sharp-darwin-arm64@npm:0.33.5":
  version: 0.33.5
  resolution: "@img/sharp-darwin-arm64@npm:0.33.5"
  dependencies:
    "@img/sharp-libvips-darwin-arm64": "npm:1.0.4"
  dependenciesMeta:
    "@img/sharp-libvips-darwin-arm64":
      optional: true
  conditions: os=darwin & cpu=arm64
  languageName: node
  linkType: hard

"@img/sharp-darwin-x64@npm:0.33.5":
  version: 0.33.5
  resolution: "@img/sharp-darwin-x64@npm:0.33.5"
  dependencies:
    "@img/sharp-libvips-darwin-x64": "npm:1.0.4"
  dependenciesMeta:
    "@img/sharp-libvips-darwin-x64":
      optional: true
  conditions: os=darwin & cpu=x64
  languageName: node
  linkType: hard

"@img/sharp-libvips-darwin-arm64@npm:1.0.4":
  version: 1.0.4
  resolution: "@img/sharp-libvips-darwin-arm64@npm:1.0.4"
  conditions: os=darwin & cpu=arm64
  languageName: node
  linkType: hard

"@img/sharp-libvips-darwin-x64@npm:1.0.4":
  version: 1.0.4
  resolution: "@img/sharp-libvips-darwin-x64@npm:1.0.4"
  conditions: os=darwin & cpu=x64
  languageName: node
  linkType: hard

"@img/sharp-libvips-linux-arm64@npm:1.0.4":
  version: 1.0.4
  resolution: "@img/sharp-libvips-linux-arm64@npm:1.0.4"
  conditions: os=linux & cpu=arm64 & libc=glibc
  languageName: node
  linkType: hard

"@img/sharp-libvips-linux-arm@npm:1.0.5":
  version: 1.0.5
  resolution: "@img/sharp-libvips-linux-arm@npm:1.0.5"
  conditions: os=linux & cpu=arm & libc=glibc
  languageName: node
  linkType: hard

"@img/sharp-libvips-linux-s390x@npm:1.0.4":
  version: 1.0.4
  resolution: "@img/sharp-libvips-linux-s390x@npm:1.0.4"
  conditions: os=linux & cpu=s390x & libc=glibc
  languageName: node
  linkType: hard

"@img/sharp-libvips-linux-x64@npm:1.0.4":
  version: 1.0.4
  resolution: "@img/sharp-libvips-linux-x64@npm:1.0.4"
  conditions: os=linux & cpu=x64 & libc=glibc
  languageName: node
  linkType: hard

"@img/sharp-libvips-linuxmusl-arm64@npm:1.0.4":
  version: 1.0.4
  resolution: "@img/sharp-libvips-linuxmusl-arm64@npm:1.0.4"
  conditions: os=linux & cpu=arm64 & libc=musl
  languageName: node
  linkType: hard

"@img/sharp-libvips-linuxmusl-x64@npm:1.0.4":
  version: 1.0.4
  resolution: "@img/sharp-libvips-linuxmusl-x64@npm:1.0.4"
  conditions: os=linux & cpu=x64 & libc=musl
  languageName: node
  linkType: hard

"@img/sharp-linux-arm64@npm:0.33.5":
  version: 0.33.5
  resolution: "@img/sharp-linux-arm64@npm:0.33.5"
  dependencies:
    "@img/sharp-libvips-linux-arm64": "npm:1.0.4"
  dependenciesMeta:
    "@img/sharp-libvips-linux-arm64":
      optional: true
  conditions: os=linux & cpu=arm64 & libc=glibc
  languageName: node
  linkType: hard

"@img/sharp-linux-arm@npm:0.33.5":
  version: 0.33.5
  resolution: "@img/sharp-linux-arm@npm:0.33.5"
  dependencies:
    "@img/sharp-libvips-linux-arm": "npm:1.0.5"
  dependenciesMeta:
    "@img/sharp-libvips-linux-arm":
      optional: true
  conditions: os=linux & cpu=arm & libc=glibc
  languageName: node
  linkType: hard

"@img/sharp-linux-s390x@npm:0.33.5":
  version: 0.33.5
  resolution: "@img/sharp-linux-s390x@npm:0.33.5"
  dependencies:
    "@img/sharp-libvips-linux-s390x": "npm:1.0.4"
  dependenciesMeta:
    "@img/sharp-libvips-linux-s390x":
      optional: true
  conditions: os=linux & cpu=s390x & libc=glibc
  languageName: node
  linkType: hard

"@img/sharp-linux-x64@npm:0.33.5":
  version: 0.33.5
  resolution: "@img/sharp-linux-x64@npm:0.33.5"
  dependencies:
    "@img/sharp-libvips-linux-x64": "npm:1.0.4"
  dependenciesMeta:
    "@img/sharp-libvips-linux-x64":
      optional: true
  conditions: os=linux & cpu=x64 & libc=glibc
  languageName: node
  linkType: hard

"@img/sharp-linuxmusl-arm64@npm:0.33.5":
  version: 0.33.5
  resolution: "@img/sharp-linuxmusl-arm64@npm:0.33.5"
  dependencies:
    "@img/sharp-libvips-linuxmusl-arm64": "npm:1.0.4"
  dependenciesMeta:
    "@img/sharp-libvips-linuxmusl-arm64":
      optional: true
  conditions: os=linux & cpu=arm64 & libc=musl
  languageName: node
  linkType: hard

"@img/sharp-linuxmusl-x64@npm:0.33.5":
  version: 0.33.5
  resolution: "@img/sharp-linuxmusl-x64@npm:0.33.5"
  dependencies:
    "@img/sharp-libvips-linuxmusl-x64": "npm:1.0.4"
  dependenciesMeta:
    "@img/sharp-libvips-linuxmusl-x64":
      optional: true
  conditions: os=linux & cpu=x64 & libc=musl
  languageName: node
  linkType: hard

"@img/sharp-wasm32@npm:0.33.5":
  version: 0.33.5
  resolution: "@img/sharp-wasm32@npm:0.33.5"
  dependencies:
    "@emnapi/runtime": "npm:^1.2.0"
  conditions: cpu=wasm32
  languageName: node
  linkType: hard

"@img/sharp-win32-ia32@npm:0.33.5":
  version: 0.33.5
  resolution: "@img/sharp-win32-ia32@npm:0.33.5"
  conditions: os=win32 & cpu=ia32
  languageName: node
  linkType: hard

"@img/sharp-win32-x64@npm:0.33.5":
  version: 0.33.5
  resolution: "@img/sharp-win32-x64@npm:0.33.5"
  conditions: os=win32 & cpu=x64
  languageName: node
  linkType: hard

"@isaacs/cliui@npm:^8.0.2":
  version: 8.0.2
  resolution: "@isaacs/cliui@npm:8.0.2"
  dependencies:
    string-width: "npm:^5.1.2"
    string-width-cjs: "npm:string-width@^4.2.0"
    strip-ansi: "npm:^7.0.1"
    strip-ansi-cjs: "npm:strip-ansi@^6.0.1"
    wrap-ansi: "npm:^8.1.0"
    wrap-ansi-cjs: "npm:wrap-ansi@^7.0.0"
  checksum: 10/e9ed5fd27c3aec1095e3a16e0c0cf148d1fee55a38665c35f7b3f86a9b5d00d042ddaabc98e8a1cb7463b9378c15f22a94eb35e99469c201453eb8375191f243
  languageName: node
  linkType: hard

"@navikt/aksel-icons@file:./../../@navikt/aksel-icons::locator=next-appdir%40workspace%3A.":
  version: 7.21.0
  resolution: "@navikt/aksel-icons@file:./../../@navikt/aksel-icons#./../../@navikt/aksel-icons::hash=a2163e&locator=next-appdir%40workspace%3A."
  checksum: 10/37823a69de2c8be153cdd5765585f1f5812ab7559749164ecac5c07f14a789bb5c168011997139830a3f599db911c777a09ddd32e668c928e4183333240973d7
  languageName: node
  linkType: hard

"@navikt/aksel-icons@npm:^7.21.0":
  version: 7.21.0
  resolution: "@navikt/aksel-icons@npm:7.21.0::__archiveUrl=https%3A%2F%2Fnpm.pkg.github.com%2Fdownload%2F%40navikt%2Faksel-icons%2F7.21.0%2F9cfc7982634a0f4f6c304ca015e4403057e2f04e"
  checksum: 10/6aa1e64bebdd38acc310f65fb49bd9e96a0d1aa975f6fba1d49ec13283b2a8953483674de04aef504b037a6cdef20c75175e0064aeb3abaa572c278f9b51495f
  languageName: node
  linkType: hard

"@navikt/ds-css@file:./../../@navikt/core/css::locator=next-appdir%40workspace%3A.":
  version: 7.21.0
  resolution: "@navikt/ds-css@file:./../../@navikt/core/css#./../../@navikt/core/css::hash=a04b37&locator=next-appdir%40workspace%3A."
  checksum: 10/f2485eac990f5bf254a1fa421807c814c699c081ebafc1c2d4a37b5ebe8471040e15de9c1993fe78e67fc698942c3009d71665029c4470b53ad4ea700fc44456
  languageName: node
  linkType: hard

"@navikt/ds-react@file:./../../@navikt/core/react::locator=next-appdir%40workspace%3A.":
  version: 7.21.0
  resolution: "@navikt/ds-react@file:./../../@navikt/core/react#./../../@navikt/core/react::hash=3beff6&locator=next-appdir%40workspace%3A."
  dependencies:
    "@floating-ui/react": "npm:0.25.4"
    "@floating-ui/react-dom": "npm:^2.0.9"
    "@navikt/aksel-icons": "npm:^7.21.0"
    "@navikt/ds-tokens": "npm:^7.21.0"
    clsx: "npm:^2.1.0"
    date-fns: "npm:^4.0.0"
    react-day-picker: "npm:9.6.1"
  peerDependencies:
    "@types/react": ">=17.0.30"
    react: ">=17.0.0 || >19.0.0-rc"
  peerDependenciesMeta:
    "@types/react":
      optional: true
  checksum: 10/66f0bd17d6d7d639816d6e945ca2a8f2f1f4be3d196914a550011b5c499149ae24f9d4a86a4a36dcf3692430b34c4a212f3269e7f01036ee4da2f9886b118509
  languageName: node
  linkType: hard

"@navikt/ds-tokens@file:./../../@navikt/core/tokens::locator=next-appdir%40workspace%3A.":
  version: 7.21.0
  resolution: "@navikt/ds-tokens@file:./../../@navikt/core/tokens#./../../@navikt/core/tokens::hash=3d2063&locator=next-appdir%40workspace%3A."
  checksum: 10/48e290147823e4614b1e7841da6f94fb3897d89a2c7faf9ffd1ce27c4ae0a7c01709c1d235fe7327583b19d333731098e16a95be2b55251c1b7b872cefa9669a
  languageName: node
  linkType: hard

"@navikt/ds-tokens@npm:^7.21.0":
  version: 7.21.0
  resolution: "@navikt/ds-tokens@npm:7.21.0::__archiveUrl=https%3A%2F%2Fnpm.pkg.github.com%2Fdownload%2F%40navikt%2Fds-tokens%2F7.21.0%2F406f2638550015ec493249f6ca09df67a91e8c7d"
  checksum: 10/10dd3131ff3448b3409a135dd339a281d83bf68e83d064ae984942dd812f463197a5de7c8319e4f20faad32f0d075ed52e04214b6237873b2847aa4365550ac8
  languageName: node
  linkType: hard

"@next/bundle-analyzer@npm:^15.0.0":
  version: 15.0.0
  resolution: "@next/bundle-analyzer@npm:15.0.0"
  dependencies:
    webpack-bundle-analyzer: "npm:4.10.1"
  checksum: 10/2a9fd51a6459e735f883b68d362a630ef324c26a36bca5574f84a586c07e133d249e3e06e7f09a62b783a142acbedecf23562506d01c8a949a8e4799c7327077
  languageName: node
  linkType: hard

"@next/env@npm:15.2.4":
  version: 15.2.4
  resolution: "@next/env@npm:15.2.4"
  checksum: 10/2b6153fcb117f117385d5a18b61cd5696cf87c93575535fd8d1bae8864c194e974f5c66061dceb9d1ca50d390bd7c846e744adafc5e4cbcebcae94a10a7c54a0
  languageName: node
  linkType: hard

"@next/swc-darwin-arm64@npm:15.2.4":
  version: 15.2.4
  resolution: "@next/swc-darwin-arm64@npm:15.2.4"
  conditions: os=darwin & cpu=arm64
  languageName: node
  linkType: hard

"@next/swc-darwin-x64@npm:15.2.4":
  version: 15.2.4
  resolution: "@next/swc-darwin-x64@npm:15.2.4"
  conditions: os=darwin & cpu=x64
  languageName: node
  linkType: hard

"@next/swc-linux-arm64-gnu@npm:15.2.4":
  version: 15.2.4
  resolution: "@next/swc-linux-arm64-gnu@npm:15.2.4"
  conditions: os=linux & cpu=arm64 & libc=glibc
  languageName: node
  linkType: hard

"@next/swc-linux-arm64-musl@npm:15.2.4":
  version: 15.2.4
  resolution: "@next/swc-linux-arm64-musl@npm:15.2.4"
  conditions: os=linux & cpu=arm64 & libc=musl
  languageName: node
  linkType: hard

"@next/swc-linux-x64-gnu@npm:15.2.4":
  version: 15.2.4
  resolution: "@next/swc-linux-x64-gnu@npm:15.2.4"
  conditions: os=linux & cpu=x64 & libc=glibc
  languageName: node
  linkType: hard

"@next/swc-linux-x64-musl@npm:15.2.4":
  version: 15.2.4
  resolution: "@next/swc-linux-x64-musl@npm:15.2.4"
  conditions: os=linux & cpu=x64 & libc=musl
  languageName: node
  linkType: hard

"@next/swc-win32-arm64-msvc@npm:15.2.4":
  version: 15.2.4
  resolution: "@next/swc-win32-arm64-msvc@npm:15.2.4"
  conditions: os=win32 & cpu=arm64
  languageName: node
  linkType: hard

"@next/swc-win32-x64-msvc@npm:15.2.4":
  version: 15.2.4
  resolution: "@next/swc-win32-x64-msvc@npm:15.2.4"
  conditions: os=win32 & cpu=x64
  languageName: node
  linkType: hard

"@polka/url@npm:^1.0.0-next.24":
  version: 1.0.0-next.28
  resolution: "@polka/url@npm:1.0.0-next.28"
  checksum: 10/7402aaf1de781d0eb0870d50cbcd394f949aee11b38a267a5c3b4e3cfee117e920693e6e93ce24c87ae2d477a59634f39d9edde8e86471cae756839b07c79af7
  languageName: node
  linkType: hard

"@swc/counter@npm:0.1.3":
  version: 0.1.3
  resolution: "@swc/counter@npm:0.1.3"
  checksum: 10/df8f9cfba9904d3d60f511664c70d23bb323b3a0803ec9890f60133954173047ba9bdeabce28cd70ba89ccd3fd6c71c7b0bd58be85f611e1ffbe5d5c18616598
  languageName: node
  linkType: hard

"@swc/helpers@npm:0.5.15":
  version: 0.5.15
  resolution: "@swc/helpers@npm:0.5.15"
  dependencies:
    tslib: "npm:^2.8.0"
  checksum: 10/e3f32c6deeecfb0fa3f22edff03a7b358e7ce16d27b0f1c8b5cdc3042c5c4ce4da6eac0b781ab7cc4f54696ece657467d56734fb26883439fb00017385364c4c
  languageName: node
  linkType: hard

"@types/node@npm:^20":
  version: 20.16.14
  resolution: "@types/node@npm:20.16.14"
  dependencies:
    undici-types: "npm:~6.19.2"
  checksum: 10/1a63dd3ef3ec7a6da768c88e3664ca335e09005716aab07890646ca89b5b664df69bf9f0c1b82776d483e49c10e269c5c90d56f38d17945a88587e51d62f0139
  languageName: node
  linkType: hard

"@types/prop-types@npm:*":
  version: 15.7.13
  resolution: "@types/prop-types@npm:15.7.13"
  checksum: 10/8935cad87c683c665d09a055919d617fe951cb3b2d5c00544e3a913f861a2bd8d2145b51c9aa6d2457d19f3107ab40784c40205e757232f6a80cc8b1c815513c
  languageName: node
  linkType: hard

"@types/react-dom@npm:^18":
  version: 18.3.1
  resolution: "@types/react-dom@npm:18.3.1"
  dependencies:
    "@types/react": "npm:*"
  checksum: 10/33f9ba79b26641ddf00a8699c30066b7e3573ab254e97475bf08f82fab83a6d3ce8d4ebad86afeb49bb8df3374390a9ba93125cece33badc4b3e8f7eac3c84d8
  languageName: node
  linkType: hard

"@types/react@npm:*, @types/react@npm:^18":
  version: 18.3.11
  resolution: "@types/react@npm:18.3.11"
  dependencies:
    "@types/prop-types": "npm:*"
    csstype: "npm:^3.0.2"
  checksum: 10/a36f0707fdfe9fe19cbe5892bcdab0f042ecadb501ea4e1c39519943f3e74cffbd31e892d3860f5c87cf33f5f223552b246a552bed0087b95954f2cb39d5cf65
  languageName: node
  linkType: hard

"acorn-walk@npm:^8.0.0":
  version: 8.3.4
  resolution: "acorn-walk@npm:8.3.4"
  dependencies:
    acorn: "npm:^8.11.0"
  checksum: 10/871386764e1451c637bb8ab9f76f4995d408057e9909be6fb5ad68537ae3375d85e6a6f170b98989f44ab3ff6c74ad120bc2779a3d577606e7a0cd2b4efcaf77
  languageName: node
  linkType: hard

"acorn@npm:^8.0.4, acorn@npm:^8.11.0":
  version: 8.13.0
  resolution: "acorn@npm:8.13.0"
  bin:
    acorn: bin/acorn
  checksum: 10/33e3a03114b02b3bc5009463b3d9549b31a90ee38ebccd5e66515830a02acf62a90edcc12abfb6c9fb3837b6c17a3ec9b72b3bf52ac31d8ad8248a4af871e0f5
  languageName: node
  linkType: hard

"ansi-regex@npm:^5.0.1":
  version: 5.0.1
  resolution: "ansi-regex@npm:5.0.1"
  checksum: 10/2aa4bb54caf2d622f1afdad09441695af2a83aa3fe8b8afa581d205e57ed4261c183c4d3877cee25794443fde5876417d859c108078ab788d6af7e4fe52eb66b
  languageName: node
  linkType: hard

"ansi-regex@npm:^6.0.1":
  version: 6.1.0
  resolution: "ansi-regex@npm:6.1.0"
  checksum: 10/495834a53b0856c02acd40446f7130cb0f8284f4a39afdab20d5dc42b2e198b1196119fe887beed8f9055c4ff2055e3b2f6d4641d0be018cdfb64fedf6fc1aac
  languageName: node
  linkType: hard

"ansi-styles@npm:^4.0.0":
  version: 4.3.0
  resolution: "ansi-styles@npm:4.3.0"
  dependencies:
    color-convert: "npm:^2.0.1"
  checksum: 10/b4494dfbfc7e4591b4711a396bd27e540f8153914123dccb4cdbbcb514015ada63a3809f362b9d8d4f6b17a706f1d7bea3c6f974b15fa5ae76b5b502070889ff
  languageName: node
  linkType: hard

"ansi-styles@npm:^6.1.0":
  version: 6.2.1
  resolution: "ansi-styles@npm:6.2.1"
  checksum: 10/70fdf883b704d17a5dfc9cde206e698c16bcd74e7f196ab821511651aee4f9f76c9514bdfa6ca3a27b5e49138b89cb222a28caf3afe4567570139577f991df32
  languageName: node
  linkType: hard

"balanced-match@npm:^1.0.0":
  version: 1.0.2
  resolution: "balanced-match@npm:1.0.2"
  checksum: 10/9706c088a283058a8a99e0bf91b0a2f75497f185980d9ffa8b304de1d9e58ebda7c72c07ebf01dadedaac5b2907b2c6f566f660d62bd336c3468e960403b9d65
  languageName: node
  linkType: hard

"brace-expansion@npm:^2.0.1":
  version: 2.0.1
  resolution: "brace-expansion@npm:2.0.1"
  dependencies:
    balanced-match: "npm:^1.0.0"
  checksum: 10/a61e7cd2e8a8505e9f0036b3b6108ba5e926b4b55089eeb5550cd04a471fe216c96d4fe7e4c7f995c728c554ae20ddfc4244cad10aef255e72b62930afd233d1
  languageName: node
  linkType: hard

"busboy@npm:1.6.0":
  version: 1.6.0
  resolution: "busboy@npm:1.6.0"
  dependencies:
    streamsearch: "npm:^1.1.0"
  checksum: 10/bee10fa10ea58e7e3e7489ffe4bda6eacd540a17de9f9cd21cc37e297b2dd9fe52b2715a5841afaec82900750d810d01d7edb4b2d456427f449b92b417579763
  languageName: node
  linkType: hard

"caniuse-lite@npm:^1.0.30001579":
  version: 1.0.30001669
  resolution: "caniuse-lite@npm:1.0.30001669"
  checksum: 10/cd0b481bb997703cb7651e55666b4aa4e7b4ecf9784796e2393179a15e55c71a6abc6ff865c922bbd3bbfa4a4bf0530d8da13989b97ff8c7850c8a5bd4e00491
  languageName: node
  linkType: hard

"client-only@npm:0.0.1":
  version: 0.0.1
  resolution: "client-only@npm:0.0.1"
  checksum: 10/0c16bf660dadb90610553c1d8946a7fdfb81d624adea073b8440b7d795d5b5b08beb3c950c6a2cf16279365a3265158a236876d92bce16423c485c322d7dfaf8
  languageName: node
  linkType: hard

"clsx@npm:^2.1.0":
  version: 2.1.1
  resolution: "clsx@npm:2.1.1"
  checksum: 10/cdfb57fa6c7649bbff98d9028c2f0de2f91c86f551179541cf784b1cfdc1562dcb951955f46d54d930a3879931a980e32a46b598acaea274728dbe068deca919
  languageName: node
  linkType: hard

"color-convert@npm:^2.0.1":
  version: 2.0.1
  resolution: "color-convert@npm:2.0.1"
  dependencies:
    color-name: "npm:~1.1.4"
  checksum: 10/fa00c91b4332b294de06b443923246bccebe9fab1b253f7fe1772d37b06a2269b4039a85e309abe1fe11b267b11c08d1d0473fda3badd6167f57313af2887a64
  languageName: node
  linkType: hard

"color-name@npm:^1.0.0, color-name@npm:~1.1.4":
  version: 1.1.4
  resolution: "color-name@npm:1.1.4"
  checksum: 10/b0445859521eb4021cd0fb0cc1a75cecf67fceecae89b63f62b201cca8d345baf8b952c966862a9d9a2632987d4f6581f0ec8d957dfacece86f0a7919316f610
  languageName: node
  linkType: hard

"color-string@npm:^1.9.0":
  version: 1.9.1
  resolution: "color-string@npm:1.9.1"
  dependencies:
    color-name: "npm:^1.0.0"
    simple-swizzle: "npm:^0.2.2"
  checksum: 10/72aa0b81ee71b3f4fb1ac9cd839cdbd7a011a7d318ef58e6cb13b3708dca75c7e45029697260488709f1b1c7ac4e35489a87e528156c1e365917d1c4ccb9b9cd
  languageName: node
  linkType: hard

"color@npm:^4.2.3":
  version: 4.2.3
  resolution: "color@npm:4.2.3"
  dependencies:
    color-convert: "npm:^2.0.1"
    color-string: "npm:^1.9.0"
  checksum: 10/b23f5e500a79ea22428db43d1a70642d983405c0dd1f95ef59dbdb9ba66afbb4773b334fa0b75bb10b0552fd7534c6b28d4db0a8b528f91975976e70973c0152
  languageName: node
  linkType: hard

"commander@npm:^7.2.0":
  version: 7.2.0
  resolution: "commander@npm:7.2.0"
  checksum: 10/9973af10727ad4b44f26703bf3e9fdc323528660a7590efe3aa9ad5042b4584c0deed84ba443f61c9d6f02dade54a5a5d3c95e306a1e1630f8374ae6db16c06d
  languageName: node
  linkType: hard

"cross-spawn@npm:^7.0.0":
  version: 7.0.6
  resolution: "cross-spawn@npm:7.0.6"
  dependencies:
    path-key: "npm:^3.1.0"
    shebang-command: "npm:^2.0.0"
    which: "npm:^2.0.1"
  checksum: 10/0d52657d7ae36eb130999dffff1168ec348687b48dd38e2ff59992ed916c88d328cf1d07ff4a4a10bc78de5e1c23f04b306d569e42f7a2293915c081e4dfee86
  languageName: node
  linkType: hard

"csstype@npm:^3.0.2":
  version: 3.1.3
  resolution: "csstype@npm:3.1.3"
  checksum: 10/f593cce41ff5ade23f44e77521e3a1bcc2c64107041e1bf6c3c32adc5187d0d60983292fda326154d20b01079e24931aa5b08e4467cc488b60bb1e7f6d478ade
  languageName: node
  linkType: hard

"date-fns-jalali@npm:^4.1.0-0":
  version: 4.1.0-0
  resolution: "date-fns-jalali@npm:4.1.0-0"
  checksum: 10/0005e0e37d449aa998cfc353395b0292eea4778aba4283dad4fa0e3559cf0a7fc7ce9123fb6f22c235285219d4f4774c88bb9c01fa2694c6a5efbbcd33efe7fc
  languageName: node
  linkType: hard

"date-fns@npm:^4.0.0, date-fns@npm:^4.1.0":
  version: 4.1.0
  resolution: "date-fns@npm:4.1.0"
  checksum: 10/d5f6e9de5bbc52310f786099e18609289ed5e30af60a71e0646784c8185ddd1d0eebcf7c96b7faaaefc4a8366f3a3a4244d099b6d0866ee2bec80d1361e64342
  languageName: node
  linkType: hard

"debounce@npm:^1.2.1":
  version: 1.2.1
  resolution: "debounce@npm:1.2.1"
  checksum: 10/0b95b2a9d80ed69117d890f8dab8c0f2d6066f8d20edd1d810ae51f8f366a6d4c8b1d56e97dcb9304e93d57de4d5db440d34a03def7dad50403fc3f22bf16808
  languageName: node
  linkType: hard

"detect-libc@npm:^2.0.3":
  version: 2.0.3
  resolution: "detect-libc@npm:2.0.3"
  checksum: 10/b4ea018d623e077bd395f168a9e81db77370dde36a5b01d067f2ad7989924a81d31cb547ff764acb2aa25d50bb7fdde0b0a93bec02212b0cb430621623246d39
  languageName: node
  linkType: hard

"duplexer@npm:^0.1.2":
  version: 0.1.2
  resolution: "duplexer@npm:0.1.2"
  checksum: 10/62ba61a830c56801db28ff6305c7d289b6dc9f859054e8c982abd8ee0b0a14d2e9a8e7d086ffee12e868d43e2bbe8a964be55ddbd8c8957714c87373c7a4f9b0
  languageName: node
  linkType: hard

"eastasianwidth@npm:^0.2.0":
  version: 0.2.0
  resolution: "eastasianwidth@npm:0.2.0"
  checksum: 10/9b1d3e1baefeaf7d70799db8774149cef33b97183a6addceeba0cf6b85ba23ee2686f302f14482006df32df75d32b17c509c143a3689627929e4a8efaf483952
  languageName: node
  linkType: hard

"emoji-regex@npm:^8.0.0":
  version: 8.0.0
  resolution: "emoji-regex@npm:8.0.0"
  checksum: 10/c72d67a6821be15ec11997877c437491c313d924306b8da5d87d2a2bcc2cec9903cb5b04ee1a088460501d8e5b44f10df82fdc93c444101a7610b80c8b6938e1
  languageName: node
  linkType: hard

"emoji-regex@npm:^9.2.2":
  version: 9.2.2
  resolution: "emoji-regex@npm:9.2.2"
  checksum: 10/915acf859cea7131dac1b2b5c9c8e35c4849e325a1d114c30adb8cd615970f6dca0e27f64f3a4949d7d6ed86ecd79a1c5c63f02e697513cddd7b5835c90948b8
  languageName: node
  linkType: hard

"escape-string-regexp@npm:^4.0.0":
  version: 4.0.0
  resolution: "escape-string-regexp@npm:4.0.0"
  checksum: 10/98b48897d93060f2322108bf29db0feba7dd774be96cd069458d1453347b25ce8682ecc39859d4bca2203cc0ab19c237bcc71755eff49a0f8d90beadeeba5cc5
  languageName: node
  linkType: hard

"foreground-child@npm:^3.1.0":
  version: 3.3.0
  resolution: "foreground-child@npm:3.3.0"
  dependencies:
    cross-spawn: "npm:^7.0.0"
    signal-exit: "npm:^4.0.1"
  checksum: 10/e3a60480f3a09b12273ce2c5fcb9514d98dd0e528f58656a1b04680225f918d60a2f81f6a368f2f3b937fcee9cfc0cbf16f1ad9a0bc6a3a6e103a84c9a90087e
  languageName: node
  linkType: hard

"glob@npm:^11.0.0":
  version: 11.0.0
  resolution: "glob@npm:11.0.0"
  dependencies:
    foreground-child: "npm:^3.1.0"
    jackspeak: "npm:^4.0.1"
    minimatch: "npm:^10.0.0"
    minipass: "npm:^7.1.2"
    package-json-from-dist: "npm:^1.0.0"
    path-scurry: "npm:^2.0.0"
  bin:
    glob: dist/esm/bin.mjs
  checksum: 10/e66939201d11ae30fe97e3364ac2be5c59d6c9bfce18ac633edfad473eb6b46a7553f6f73658f67caaf6cccc1df1ae336298a45e9021fa5695fd78754cc1603e
  languageName: node
  linkType: hard

"gzip-size@npm:^6.0.0":
  version: 6.0.0
  resolution: "gzip-size@npm:6.0.0"
  dependencies:
    duplexer: "npm:^0.1.2"
  checksum: 10/2df97f359696ad154fc171dcb55bc883fe6e833bca7a65e457b9358f3cb6312405ed70a8da24a77c1baac0639906cd52358dc0ce2ec1a937eaa631b934c94194
  languageName: node
  linkType: hard

"html-escaper@npm:^2.0.2":
  version: 2.0.2
  resolution: "html-escaper@npm:2.0.2"
  checksum: 10/034d74029dcca544a34fb6135e98d427acd73019796ffc17383eaa3ec2fe1c0471dcbbc8f8ed39e46e86d43ccd753a160631615e4048285e313569609b66d5b7
  languageName: node
  linkType: hard

"is-arrayish@npm:^0.3.1":
  version: 0.3.2
  resolution: "is-arrayish@npm:0.3.2"
  checksum: 10/81a78d518ebd8b834523e25d102684ee0f7e98637136d3bdc93fd09636350fa06f1d8ca997ea28143d4d13cb1b69c0824f082db0ac13e1ab3311c10ffea60ade
  languageName: node
  linkType: hard

"is-fullwidth-code-point@npm:^3.0.0":
  version: 3.0.0
  resolution: "is-fullwidth-code-point@npm:3.0.0"
  checksum: 10/44a30c29457c7fb8f00297bce733f0a64cd22eca270f83e58c105e0d015e45c019491a4ab2faef91ab51d4738c670daff901c799f6a700e27f7314029e99e348
  languageName: node
  linkType: hard

"is-plain-object@npm:^5.0.0":
  version: 5.0.0
  resolution: "is-plain-object@npm:5.0.0"
  checksum: 10/e32d27061eef62c0847d303125440a38660517e586f2f3db7c9d179ae5b6674ab0f469d519b2e25c147a1a3bc87156d0d5f4d8821e0ce4a9ee7fe1fcf11ce45c
  languageName: node
  linkType: hard

"isexe@npm:^2.0.0":
  version: 2.0.0
  resolution: "isexe@npm:2.0.0"
  checksum: 10/7c9f715c03aff08f35e98b1fadae1b9267b38f0615d501824f9743f3aab99ef10e303ce7db3f186763a0b70a19de5791ebfc854ff884d5a8c4d92211f642ec92
  languageName: node
  linkType: hard

"jackspeak@npm:^4.0.1":
  version: 4.0.2
  resolution: "jackspeak@npm:4.0.2"
  dependencies:
    "@isaacs/cliui": "npm:^8.0.2"
  checksum: 10/d9722f0e55f6c322c57aedf094c405f4201b834204629817187953988075521cfddb23df83e2a7b845723ca7eb0555068c5ce1556732e9c275d32a531881efa8
  languageName: node
  linkType: hard

"js-tokens@npm:^3.0.0 || ^4.0.0":
  version: 4.0.0
  resolution: "js-tokens@npm:4.0.0"
  checksum: 10/af37d0d913fb56aec6dc0074c163cc71cd23c0b8aad5c2350747b6721d37ba118af35abdd8b33c47ec2800de07dedb16a527ca9c530ee004093e04958bd0cbf2
  languageName: node
  linkType: hard

"loose-envify@npm:^1.1.0":
  version: 1.4.0
  resolution: "loose-envify@npm:1.4.0"
  dependencies:
    js-tokens: "npm:^3.0.0 || ^4.0.0"
  bin:
    loose-envify: cli.js
  checksum: 10/6517e24e0cad87ec9888f500c5b5947032cdfe6ef65e1c1936a0c48a524b81e65542c9c3edc91c97d5bddc806ee2a985dbc79be89215d613b1de5db6d1cfe6f4
  languageName: node
  linkType: hard

"lru-cache@npm:^11.0.0":
  version: 11.0.1
  resolution: "lru-cache@npm:11.0.1"
  checksum: 10/26688a1b2a4d7fb97e9ea1ffb15348f1ab21b7110496814f5ce9190d50258fbba8c1444ae7232876deae1fc54adb230aa63dd1efc5bd47f240620ba8bf218041
  languageName: node
  linkType: hard

"minimatch@npm:^10.0.0":
  version: 10.0.1
  resolution: "minimatch@npm:10.0.1"
  dependencies:
    brace-expansion: "npm:^2.0.1"
  checksum: 10/082e7ccbc090d5f8c4e4e029255d5a1d1e3af37bda837da2b8b0085b1503a1210c91ac90d9ebfe741d8a5f286ece820a1abb4f61dc1f82ce602a055d461d93f3
  languageName: node
  linkType: hard

"minipass@npm:^7.1.2":
  version: 7.1.2
  resolution: "minipass@npm:7.1.2"
  checksum: 10/c25f0ee8196d8e6036661104bacd743785b2599a21de5c516b32b3fa2b83113ac89a2358465bc04956baab37ffb956ae43be679b2262bf7be15fce467ccd7950
  languageName: node
  linkType: hard

"mrmime@npm:^2.0.0":
  version: 2.0.0
  resolution: "mrmime@npm:2.0.0"
  checksum: 10/8d95f714ea200c6cf3e3777cbc6168be04b05ac510090a9b41eef5ec081efeb1d1de3e535ffb9c9689fffcc42f59864fd52a500e84a677274f070adeea615c45
  languageName: node
  linkType: hard

"nanoid@npm:^3.3.6":
  version: 3.3.8
  resolution: "nanoid@npm:3.3.8"
  bin:
    nanoid: bin/nanoid.cjs
  checksum: 10/2d1766606cf0d6f47b6f0fdab91761bb81609b2e3d367027aff45e6ee7006f660fb7e7781f4a34799fe6734f1268eeed2e37a5fdee809ade0c2d4eb11b0f9c40
  languageName: node
  linkType: hard

"next-appdir@workspace:.":
  version: 0.0.0-use.local
  resolution: "next-appdir@workspace:."
  dependencies:
    "@navikt/aksel-icons": "file:./../../@navikt/aksel-icons"
    "@navikt/ds-css": "file:./../../@navikt/core/css"
    "@navikt/ds-react": "file:./../../@navikt/core/react"
    "@navikt/ds-tokens": "file:./../../@navikt/core/tokens"
    "@next/bundle-analyzer": "npm:^15.0.0"
    "@types/node": "npm:^20"
    "@types/react": "npm:^18"
    "@types/react-dom": "npm:^18"
    next: "npm:15.2.4"
    react: "npm:^18"
    react-dom: "npm:^18"
    rimraf: "npm:^6.0.1"
    typescript: "npm:5.5.4"
  languageName: unknown
  linkType: soft

"next@npm:15.2.4":
  version: 15.2.4
  resolution: "next@npm:15.2.4"
  dependencies:
    "@next/env": "npm:15.2.4"
    "@next/swc-darwin-arm64": "npm:15.2.4"
    "@next/swc-darwin-x64": "npm:15.2.4"
    "@next/swc-linux-arm64-gnu": "npm:15.2.4"
    "@next/swc-linux-arm64-musl": "npm:15.2.4"
    "@next/swc-linux-x64-gnu": "npm:15.2.4"
    "@next/swc-linux-x64-musl": "npm:15.2.4"
    "@next/swc-win32-arm64-msvc": "npm:15.2.4"
    "@next/swc-win32-x64-msvc": "npm:15.2.4"
    "@swc/counter": "npm:0.1.3"
    "@swc/helpers": "npm:0.5.15"
    busboy: "npm:1.6.0"
    caniuse-lite: "npm:^1.0.30001579"
    postcss: "npm:8.4.31"
    sharp: "npm:^0.33.5"
    styled-jsx: "npm:5.1.6"
  peerDependencies:
    "@opentelemetry/api": ^1.1.0
    "@playwright/test": ^1.41.2
    babel-plugin-react-compiler: "*"
    react: ^18.2.0 || 19.0.0-rc-de68d2f4-20241204 || ^19.0.0
    react-dom: ^18.2.0 || 19.0.0-rc-de68d2f4-20241204 || ^19.0.0
    sass: ^1.3.0
  dependenciesMeta:
    "@next/swc-darwin-arm64":
      optional: true
    "@next/swc-darwin-x64":
      optional: true
    "@next/swc-linux-arm64-gnu":
      optional: true
    "@next/swc-linux-arm64-musl":
      optional: true
    "@next/swc-linux-x64-gnu":
      optional: true
    "@next/swc-linux-x64-musl":
      optional: true
    "@next/swc-win32-arm64-msvc":
      optional: true
    "@next/swc-win32-x64-msvc":
      optional: true
    sharp:
      optional: true
  peerDependenciesMeta:
    "@opentelemetry/api":
      optional: true
    "@playwright/test":
      optional: true
    babel-plugin-react-compiler:
      optional: true
    sass:
      optional: true
  bin:
    next: dist/bin/next
  checksum: 10/83405aec9c12e2c62f062bae0b1089588632031543bc7bbfb3a0d924aecf4a2a15a020d5c26fcd6db88c1ff1762ec94d42ac03c7c047b824719685e0f68d5086
  languageName: node
  linkType: hard

"opener@npm:^1.5.2":
  version: 1.5.2
  resolution: "opener@npm:1.5.2"
  bin:
    opener: bin/opener-bin.js
  checksum: 10/0504efcd6546e14c016a261f58a68acf9f2e5c23d84865d7d5470d5169788327ceaa5386253682f533b3fba4821748aa37ecb395f3dae7acb3261b9b22e36814
  languageName: node
  linkType: hard

"package-json-from-dist@npm:^1.0.0":
  version: 1.0.1
  resolution: "package-json-from-dist@npm:1.0.1"
  checksum: 10/58ee9538f2f762988433da00e26acc788036914d57c71c246bf0be1b60cdbd77dd60b6a3e1a30465f0b248aeb80079e0b34cb6050b1dfa18c06953bb1cbc7602
  languageName: node
  linkType: hard

"path-key@npm:^3.1.0":
  version: 3.1.1
  resolution: "path-key@npm:3.1.1"
  checksum: 10/55cd7a9dd4b343412a8386a743f9c746ef196e57c823d90ca3ab917f90ab9f13dd0ded27252ba49dbdfcab2b091d998bc446f6220cd3cea65db407502a740020
  languageName: node
  linkType: hard

"path-scurry@npm:^2.0.0":
  version: 2.0.0
  resolution: "path-scurry@npm:2.0.0"
  dependencies:
    lru-cache: "npm:^11.0.0"
    minipass: "npm:^7.1.2"
  checksum: 10/285ae0c2d6c34ae91dc1d5378ede21981c9a2f6de1ea9ca5a88b5a270ce9763b83dbadc7a324d512211d8d36b0c540427d3d0817030849d97a60fa840a2c59ec
  languageName: node
  linkType: hard

"picocolors@npm:^1.0.0":
  version: 1.1.1
  resolution: "picocolors@npm:1.1.1"
  checksum: 10/e1cf46bf84886c79055fdfa9dcb3e4711ad259949e3565154b004b260cd356c5d54b31a1437ce9782624bf766272fe6b0154f5f0c744fb7af5d454d2b60db045
  languageName: node
  linkType: hard

"postcss@npm:8.4.31":
  version: 8.4.31
  resolution: "postcss@npm:8.4.31"
  dependencies:
    nanoid: "npm:^3.3.6"
    picocolors: "npm:^1.0.0"
    source-map-js: "npm:^1.0.2"
  checksum: 10/1a6653e72105907377f9d4f2cd341d8d90e3fde823a5ddea1e2237aaa56933ea07853f0f2758c28892a1d70c53bbaca200eb8b80f8ed55f13093003dbec5afa0
  languageName: node
  linkType: hard

"react-day-picker@npm:9.6.1":
  version: 9.6.1
  resolution: "react-day-picker@npm:9.6.1"
  dependencies:
    "@date-fns/tz": "npm:^1.2.0"
    date-fns: "npm:^4.1.0"
    date-fns-jalali: "npm:^4.1.0-0"
  peerDependencies:
    react: ">=16.8.0"
  checksum: 10/2d73bdaceed64c6cd8185ae48edce19ac879414982643b88c05744df421f60921526278d88883120c848a17f7cbe382d095ca90f3a2106dc2869a62fbd9d488e
  languageName: node
  linkType: hard

"react-dom@npm:^18":
  version: 18.3.1
  resolution: "react-dom@npm:18.3.1"
  dependencies:
    loose-envify: "npm:^1.1.0"
    scheduler: "npm:^0.23.2"
  peerDependencies:
    react: ^18.3.1
  checksum: 10/3f4b73a3aa083091173b29812b10394dd06f4ac06aff410b74702cfb3aa29d7b0ced208aab92d5272919b612e5cda21aeb1d54191848cf6e46e9e354f3541f81
  languageName: node
  linkType: hard

"react@npm:^18":
  version: 18.3.1
  resolution: "react@npm:18.3.1"
  dependencies:
    loose-envify: "npm:^1.1.0"
  checksum: 10/261137d3f3993eaa2368a83110466fc0e558bc2c7f7ae7ca52d94f03aac945f45146bd85e5f481044db1758a1dbb57879e2fcdd33924e2dde1bdc550ce73f7bf
  languageName: node
  linkType: hard

"rimraf@npm:^6.0.1":
  version: 6.0.1
  resolution: "rimraf@npm:6.0.1"
  dependencies:
    glob: "npm:^11.0.0"
    package-json-from-dist: "npm:^1.0.0"
  bin:
    rimraf: dist/esm/bin.mjs
  checksum: 10/0eb7edf08aa39017496c99ba675552dda11a20811ba78f8232da2ba945308c91e9cd673f95998b1a8202bc7436d33390831d23ea38ae52751038d56373ad99e2
  languageName: node
  linkType: hard

"scheduler@npm:^0.23.2":
  version: 0.23.2
  resolution: "scheduler@npm:0.23.2"
  dependencies:
    loose-envify: "npm:^1.1.0"
  checksum: 10/e8d68b89d18d5b028223edf090092846868a765a591944760942b77ea1f69b17235f7e956696efbb62c8130ab90af7e0949bfb8eba7896335507317236966bc9
  languageName: node
  linkType: hard

"semver@npm:^7.6.3":
  version: 7.6.3
  resolution: "semver@npm:7.6.3"
  bin:
    semver: bin/semver.js
  checksum: 10/36b1fbe1a2b6f873559cd57b238f1094a053dbfd997ceeb8757d79d1d2089c56d1321b9f1069ce263dc64cfa922fa1d2ad566b39426fe1ac6c723c1487589e10
  languageName: node
  linkType: hard

"sharp@npm:^0.33.5":
  version: 0.33.5
  resolution: "sharp@npm:0.33.5"
  dependencies:
    "@img/sharp-darwin-arm64": "npm:0.33.5"
    "@img/sharp-darwin-x64": "npm:0.33.5"
    "@img/sharp-libvips-darwin-arm64": "npm:1.0.4"
    "@img/sharp-libvips-darwin-x64": "npm:1.0.4"
    "@img/sharp-libvips-linux-arm": "npm:1.0.5"
    "@img/sharp-libvips-linux-arm64": "npm:1.0.4"
    "@img/sharp-libvips-linux-s390x": "npm:1.0.4"
    "@img/sharp-libvips-linux-x64": "npm:1.0.4"
    "@img/sharp-libvips-linuxmusl-arm64": "npm:1.0.4"
    "@img/sharp-libvips-linuxmusl-x64": "npm:1.0.4"
    "@img/sharp-linux-arm": "npm:0.33.5"
    "@img/sharp-linux-arm64": "npm:0.33.5"
    "@img/sharp-linux-s390x": "npm:0.33.5"
    "@img/sharp-linux-x64": "npm:0.33.5"
    "@img/sharp-linuxmusl-arm64": "npm:0.33.5"
    "@img/sharp-linuxmusl-x64": "npm:0.33.5"
    "@img/sharp-wasm32": "npm:0.33.5"
    "@img/sharp-win32-ia32": "npm:0.33.5"
    "@img/sharp-win32-x64": "npm:0.33.5"
    color: "npm:^4.2.3"
    detect-libc: "npm:^2.0.3"
    semver: "npm:^7.6.3"
  dependenciesMeta:
    "@img/sharp-darwin-arm64":
      optional: true
    "@img/sharp-darwin-x64":
      optional: true
    "@img/sharp-libvips-darwin-arm64":
      optional: true
    "@img/sharp-libvips-darwin-x64":
      optional: true
    "@img/sharp-libvips-linux-arm":
      optional: true
    "@img/sharp-libvips-linux-arm64":
      optional: true
    "@img/sharp-libvips-linux-s390x":
      optional: true
    "@img/sharp-libvips-linux-x64":
      optional: true
    "@img/sharp-libvips-linuxmusl-arm64":
      optional: true
    "@img/sharp-libvips-linuxmusl-x64":
      optional: true
    "@img/sharp-linux-arm":
      optional: true
    "@img/sharp-linux-arm64":
      optional: true
    "@img/sharp-linux-s390x":
      optional: true
    "@img/sharp-linux-x64":
      optional: true
    "@img/sharp-linuxmusl-arm64":
      optional: true
    "@img/sharp-linuxmusl-x64":
      optional: true
    "@img/sharp-wasm32":
      optional: true
    "@img/sharp-win32-ia32":
      optional: true
    "@img/sharp-win32-x64":
      optional: true
  checksum: 10/9f153578cb02735359cbcc874f52b56b8074ed997498c35255c7099d4f4f506f6ddf83a437a55242c7ad4f979336660504b6c78e29d6933f4981dedbdae5ce09
  languageName: node
  linkType: hard

"shebang-command@npm:^2.0.0":
  version: 2.0.0
  resolution: "shebang-command@npm:2.0.0"
  dependencies:
    shebang-regex: "npm:^3.0.0"
  checksum: 10/6b52fe87271c12968f6a054e60f6bde5f0f3d2db483a1e5c3e12d657c488a15474121a1d55cd958f6df026a54374ec38a4a963988c213b7570e1d51575cea7fa
  languageName: node
  linkType: hard

"shebang-regex@npm:^3.0.0":
  version: 3.0.0
  resolution: "shebang-regex@npm:3.0.0"
  checksum: 10/1a2bcae50de99034fcd92ad4212d8e01eedf52c7ec7830eedcf886622804fe36884278f2be8be0ea5fde3fd1c23911643a4e0f726c8685b61871c8908af01222
  languageName: node
  linkType: hard

"signal-exit@npm:^4.0.1":
  version: 4.1.0
  resolution: "signal-exit@npm:4.1.0"
  checksum: 10/c9fa63bbbd7431066174a48ba2dd9986dfd930c3a8b59de9c29d7b6854ec1c12a80d15310869ea5166d413b99f041bfa3dd80a7947bcd44ea8e6eb3ffeabfa1f
  languageName: node
  linkType: hard

"simple-swizzle@npm:^0.2.2":
  version: 0.2.2
  resolution: "simple-swizzle@npm:0.2.2"
  dependencies:
    is-arrayish: "npm:^0.3.1"
  checksum: 10/c6dffff17aaa383dae7e5c056fbf10cf9855a9f79949f20ee225c04f06ddde56323600e0f3d6797e82d08d006e93761122527438ee9531620031c08c9e0d73cc
  languageName: node
  linkType: hard

"sirv@npm:^2.0.3":
  version: 2.0.4
  resolution: "sirv@npm:2.0.4"
  dependencies:
    "@polka/url": "npm:^1.0.0-next.24"
    mrmime: "npm:^2.0.0"
    totalist: "npm:^3.0.0"
  checksum: 10/24f42cf06895017e589c9d16fc3f1c6c07fe8b0dbafce8a8b46322cfba67b7f2498610183954cb0e9d089c8cb60002a7ee7e8bca6a91a0d7042bfbc3473c95c3
  languageName: node
  linkType: hard

"source-map-js@npm:^1.0.2":
  version: 1.2.1
  resolution: "source-map-js@npm:1.2.1"
  checksum: 10/ff9d8c8bf096d534a5b7707e0382ef827b4dd360a577d3f34d2b9f48e12c9d230b5747974ee7c607f0df65113732711bb701fe9ece3c7edbd43cb2294d707df3
  languageName: node
  linkType: hard

"streamsearch@npm:^1.1.0":
  version: 1.1.0
  resolution: "streamsearch@npm:1.1.0"
  checksum: 10/612c2b2a7dbcc859f74597112f80a42cbe4d448d03da790d5b7b39673c1197dd3789e91cd67210353e58857395d32c1e955a9041c4e6d5bae723436b3ed9ed14
  languageName: node
  linkType: hard

"string-width-cjs@npm:string-width@^4.2.0, string-width@npm:^4.1.0":
  version: 4.2.3
  resolution: "string-width@npm:4.2.3"
  dependencies:
    emoji-regex: "npm:^8.0.0"
    is-fullwidth-code-point: "npm:^3.0.0"
    strip-ansi: "npm:^6.0.1"
  checksum: 10/e52c10dc3fbfcd6c3a15f159f54a90024241d0f149cf8aed2982a2d801d2e64df0bf1dc351cf8e95c3319323f9f220c16e740b06faecd53e2462df1d2b5443fb
  languageName: node
  linkType: hard

"string-width@npm:^5.0.1, string-width@npm:^5.1.2":
  version: 5.1.2
  resolution: "string-width@npm:5.1.2"
  dependencies:
    eastasianwidth: "npm:^0.2.0"
    emoji-regex: "npm:^9.2.2"
    strip-ansi: "npm:^7.0.1"
  checksum: 10/7369deaa29f21dda9a438686154b62c2c5f661f8dda60449088f9f980196f7908fc39fdd1803e3e01541970287cf5deae336798337e9319a7055af89dafa7193
  languageName: node
  linkType: hard

"strip-ansi-cjs@npm:strip-ansi@^6.0.1, strip-ansi@npm:^6.0.0, strip-ansi@npm:^6.0.1":
  version: 6.0.1
  resolution: "strip-ansi@npm:6.0.1"
  dependencies:
    ansi-regex: "npm:^5.0.1"
  checksum: 10/ae3b5436d34fadeb6096367626ce987057713c566e1e7768818797e00ac5d62023d0f198c4e681eae9e20701721980b26a64a8f5b91238869592a9c6800719a2
  languageName: node
  linkType: hard

"strip-ansi@npm:^7.0.1":
  version: 7.1.0
  resolution: "strip-ansi@npm:7.1.0"
  dependencies:
    ansi-regex: "npm:^6.0.1"
  checksum: 10/475f53e9c44375d6e72807284024ac5d668ee1d06010740dec0b9744f2ddf47de8d7151f80e5f6190fc8f384e802fdf9504b76a7e9020c9faee7103623338be2
  languageName: node
  linkType: hard

"styled-jsx@npm:5.1.6":
  version: 5.1.6
  resolution: "styled-jsx@npm:5.1.6"
  dependencies:
    client-only: "npm:0.0.1"
  peerDependencies:
    react: ">= 16.8.0 || 17.x.x || ^18.0.0-0 || ^19.0.0-0"
  peerDependenciesMeta:
    "@babel/core":
      optional: true
    babel-plugin-macros:
      optional: true
  checksum: 10/ba01200e8227fe1441a719c2e7da96c8aa7ef61d14211d1500e1abce12efa118479bcb6e7e12beecb9e1db76432caad2f4e01bbc0c9be21c134b088a4ca5ffe0
  languageName: node
  linkType: hard

"tabbable@npm:^6.0.1":
  version: 6.2.0
  resolution: "tabbable@npm:6.2.0"
  checksum: 10/980fa73476026e99dcacfc0d6e000d41d42c8e670faf4682496d30c625495e412c4369694f2a15cf1e5252d22de3c396f2b62edbe8d60b5dadc40d09e3f2dde3
  languageName: node
  linkType: hard

"totalist@npm:^3.0.0":
  version: 3.0.1
  resolution: "totalist@npm:3.0.1"
  checksum: 10/5132d562cf88ff93fd710770a92f31dbe67cc19b5c6ccae2efc0da327f0954d211bbfd9456389655d726c624f284b4a23112f56d1da931ca7cfabbe1f45e778a
  languageName: node
  linkType: hard

"tslib@npm:^2.4.0":
  version: 2.8.0
  resolution: "tslib@npm:2.8.0"
  checksum: 10/1bc7c43937477059b4d26f2dbde7e49ef0fb4f38f3014e0603eaea76d6a885742c8b1762af45949145e5e7408a736d20ded949da99dabc8ccba1fc5531d2d927
  languageName: node
  linkType: hard

"tslib@npm:^2.8.0":
  version: 2.8.1
  resolution: "tslib@npm:2.8.1"
  checksum: 10/3e2e043d5c2316461cb54e5c7fe02c30ef6dccb3384717ca22ae5c6b5bc95232a6241df19c622d9c73b809bea33b187f6dbc73030963e29950c2141bc32a79f7
  languageName: node
  linkType: hard

"typescript@npm:5.5.4":
  version: 5.5.4
  resolution: "typescript@npm:5.5.4"
  bin:
    tsc: bin/tsc
    tsserver: bin/tsserver
  checksum: 10/1689ccafef894825481fc3d856b4834ba3cc185a9c2878f3c76a9a1ef81af04194849840f3c69e7961e2312771471bb3b460ca92561e1d87599b26c37d0ffb6f
  languageName: node
  linkType: hard

"typescript@patch:typescript@npm%3A5.5.4#optional!builtin<compat/typescript>":
  version: 5.5.4
  resolution: "typescript@patch:typescript@npm%3A5.5.4#optional!builtin<compat/typescript>::version=5.5.4&hash=379a07"
  bin:
    tsc: bin/tsc
    tsserver: bin/tsserver
  checksum: 10/746fdd0865c5ce4f15e494c57ede03a9e12ede59cfdb40da3a281807853fe63b00ef1c912d7222143499aa82f18b8b472baa1830df8804746d09b55f6cf5b1cc
  languageName: node
  linkType: hard

"undici-types@npm:~6.19.2":
  version: 6.19.8
  resolution: "undici-types@npm:6.19.8"
  checksum: 10/cf0b48ed4fc99baf56584afa91aaffa5010c268b8842f62e02f752df209e3dea138b372a60a963b3b2576ed932f32329ce7ddb9cb5f27a6c83040d8cd74b7a70
  languageName: node
  linkType: hard

"webpack-bundle-analyzer@npm:4.10.1":
  version: 4.10.1
  resolution: "webpack-bundle-analyzer@npm:4.10.1"
  dependencies:
    "@discoveryjs/json-ext": "npm:0.5.7"
    acorn: "npm:^8.0.4"
    acorn-walk: "npm:^8.0.0"
    commander: "npm:^7.2.0"
    debounce: "npm:^1.2.1"
    escape-string-regexp: "npm:^4.0.0"
    gzip-size: "npm:^6.0.0"
    html-escaper: "npm:^2.0.2"
    is-plain-object: "npm:^5.0.0"
    opener: "npm:^1.5.2"
    picocolors: "npm:^1.0.0"
    sirv: "npm:^2.0.3"
    ws: "npm:^7.3.1"
  bin:
    webpack-bundle-analyzer: lib/bin/analyzer.js
  checksum: 10/bc7bc2c014ba36dfb3f28ef75e3bb4be17ebff092ae713a30392a1d578a73b5d83ed0940b9d12eca6b06e514218d8a1e7cb0610f0b4d74b53425be3f0cc3aea8
  languageName: node
  linkType: hard

"which@npm:^2.0.1":
  version: 2.0.2
  resolution: "which@npm:2.0.2"
  dependencies:
    isexe: "npm:^2.0.0"
  bin:
    node-which: ./bin/node-which
  checksum: 10/4782f8a1d6b8fc12c65e968fea49f59752bf6302dc43036c3bf87da718a80710f61a062516e9764c70008b487929a73546125570acea95c5b5dcc8ac3052c70f
  languageName: node
  linkType: hard

"wrap-ansi-cjs@npm:wrap-ansi@^7.0.0":
  version: 7.0.0
  resolution: "wrap-ansi@npm:7.0.0"
  dependencies:
    ansi-styles: "npm:^4.0.0"
    string-width: "npm:^4.1.0"
    strip-ansi: "npm:^6.0.0"
  checksum: 10/cebdaeca3a6880da410f75209e68cd05428580de5ad24535f22696d7d9cab134d1f8498599f344c3cf0fb37c1715807a183778d8c648d6cc0cb5ff2bb4236540
  languageName: node
  linkType: hard

"wrap-ansi@npm:^8.1.0":
  version: 8.1.0
  resolution: "wrap-ansi@npm:8.1.0"
  dependencies:
    ansi-styles: "npm:^6.1.0"
    string-width: "npm:^5.0.1"
    strip-ansi: "npm:^7.0.1"
  checksum: 10/7b1e4b35e9bb2312d2ee9ee7dc95b8cb5f8b4b5a89f7dde5543fe66c1e3715663094defa50d75454ac900bd210f702d575f15f3f17fa9ec0291806d2578d1ddf
  languageName: node
  linkType: hard

"ws@npm:^7.3.1":
  version: 7.5.10
  resolution: "ws@npm:7.5.10"
  peerDependencies:
    bufferutil: ^4.0.1
    utf-8-validate: ^5.0.2
  peerDependenciesMeta:
    bufferutil:
      optional: true
    utf-8-validate:
      optional: true
  checksum: 10/9c796b84ba80ffc2c2adcdfc9c8e9a219ba99caa435c9a8d45f9ac593bba325563b3f83edc5eb067cc6d21b9a6bf2c930adf76dd40af5f58a5ca6859e81858f0
  languageName: node
  linkType: hard
